// !$*UTF8*$!
{
	archiveVersion = 1;
	classes = {
	};
	objectVersion = 46;
	objects = {

/* Begin PBXBuildFile section */
		4A22730517C1FF1E00019CAD /* MyReviewersViewController.m in Sources */ = {isa = PBXBuildFile; fileRef = 4A22730317C1FF1E00019CAD /* MyReviewersViewController.m */; };
		4A22730617C1FF1E00019CAD /* MyReviewersViewController.xib in Resources */ = {isa = PBXBuildFile; fileRef = 4A22730417C1FF1E00019CAD /* MyReviewersViewController.xib */; };
		73192C7D17E779110080F339 /* RandomizerViewController.m in Sources */ = {isa = PBXBuildFile; fileRef = 73192C7B17E779110080F339 /* RandomizerViewController.m */; };
		73192C7E17E779110080F339 /* RandomizerViewController.xib in Resources */ = {isa = PBXBuildFile; fileRef = 73192C7C17E779110080F339 /* RandomizerViewController.xib */; };
		73192C8C17E783B10080F339 /* TDCourseViewController.m in Sources */ = {isa = PBXBuildFile; fileRef = 73192C8117E783B10080F339 /* TDCourseViewController.m */; };
		73192C8D17E783B10080F339 /* TDCourseViewController.xib in Resources */ = {isa = PBXBuildFile; fileRef = 73192C8217E783B10080F339 /* TDCourseViewController.xib */; };
		73192C8E17E783B10080F339 /* TDMenuViewController.m in Sources */ = {isa = PBXBuildFile; fileRef = 73192C8417E783B10080F339 /* TDMenuViewController.m */; };
		73192C8F17E783B10080F339 /* TDMenuViewController.xib in Resources */ = {isa = PBXBuildFile; fileRef = 73192C8517E783B10080F339 /* TDMenuViewController.xib */; };
		73192C9017E783B10080F339 /* TDSaveViewController.m in Sources */ = {isa = PBXBuildFile; fileRef = 73192C8717E783B10080F339 /* TDSaveViewController.m */; };
		73192C9117E783B10080F339 /* TDSaveViewController.xib in Resources */ = {isa = PBXBuildFile; fileRef = 73192C8817E783B10080F339 /* TDSaveViewController.xib */; };
		73192C9217E783B10080F339 /* TDSectionViewController.m in Sources */ = {isa = PBXBuildFile; fileRef = 73192C8A17E783B10080F339 /* TDSectionViewController.m */; };
		73192C9317E783B10080F339 /* TDSectionViewController.xib in Resources */ = {isa = PBXBuildFile; fileRef = 73192C8B17E783B10080F339 /* TDSectionViewController.xib */; };
		73192C9717E7844C0080F339 /* AboutUsViewController.m in Sources */ = {isa = PBXBuildFile; fileRef = 73192C9517E7844C0080F339 /* AboutUsViewController.m */; };
		73192C9817E7844C0080F339 /* AboutUsViewController.xib in Resources */ = {isa = PBXBuildFile; fileRef = 73192C9617E7844C0080F339 /* AboutUsViewController.xib */; };
		732181F117FC89D9005442A8 /* new logo.png in Resources */ = {isa = PBXBuildFile; fileRef = 732181F017FC89D9005442A8 /* new logo.png */; };
		733077FE17E62DBA00B76FA5 /* SVSegmentedControl.m in Sources */ = {isa = PBXBuildFile; fileRef = 733077FB17E62DBA00B76FA5 /* SVSegmentedControl.m */; };
		733077FF17E62DBA00B76FA5 /* SVSegmentedThumb.m in Sources */ = {isa = PBXBuildFile; fileRef = 733077FD17E62DBA00B76FA5 /* SVSegmentedThumb.m */; };
		735428EF17ECA57D006CDF8F /* Default-568h@2x.png in Resources */ = {isa = PBXBuildFile; fileRef = 735428EE17ECA57D006CDF8F /* Default-568h@2x.png */; };
		735428F117ECA584006CDF8F /* Default~iphone.png in Resources */ = {isa = PBXBuildFile; fileRef = 735428F017ECA584006CDF8F /* Default~iphone.png */; };
		7359929B17E86EC10051E3D2 /* MRMKKidsViewController.m in Sources */ = {isa = PBXBuildFile; fileRef = 7359929917E86EC10051E3D2 /* MRMKKidsViewController.m */; };
		7359929C17E86EC10051E3D2 /* MRMKKidsViewController.xib in Resources */ = {isa = PBXBuildFile; fileRef = 7359929A17E86EC10051E3D2 /* MRMKKidsViewController.xib */; };
		735992A017E86ECA0051E3D2 /* MRMKRegisterViewController.m in Sources */ = {isa = PBXBuildFile; fileRef = 7359929E17E86ECA0051E3D2 /* MRMKRegisterViewController.m */; };
		735992A117E86ECA0051E3D2 /* MRMKRegisterViewController.xib in Resources */ = {isa = PBXBuildFile; fileRef = 7359929F17E86ECA0051E3D2 /* MRMKRegisterViewController.xib */; };
		737119E31813C2E8004217BA /* AboutUsViewController_iPad.xib in Resources */ = {isa = PBXBuildFile; fileRef = 737119E21813C2E8004217BA /* AboutUsViewController_iPad.xib */; };
		7372F168180F7C2000BD2850 /* PRLSearchViewController_iPad.xib in Resources */ = {isa = PBXBuildFile; fileRef = 7372F167180F7C2000BD2850 /* PRLSearchViewController_iPad.xib */; };
		7372F16A180F7C4900BD2850 /* MyAccountViewController_iPad.xib in Resources */ = {isa = PBXBuildFile; fileRef = 7372F169180F7C4900BD2850 /* MyAccountViewController_iPad.xib */; };
		7372F16C180F7C8600BD2850 /* MRMKKidsViewController_iPad.xib in Resources */ = {isa = PBXBuildFile; fileRef = 7372F16B180F7C8600BD2850 /* MRMKKidsViewController_iPad.xib */; };
		7372F16E180F7C9700BD2850 /* MRMKRegisterViewController_iPad.xib in Resources */ = {isa = PBXBuildFile; fileRef = 7372F16D180F7C9700BD2850 /* MRMKRegisterViewController_iPad.xib */; };
		7372F170180F7D0400BD2850 /* TDCourseViewController_iPad.xib in Resources */ = {isa = PBXBuildFile; fileRef = 7372F16F180F7D0400BD2850 /* TDCourseViewController_iPad.xib */; };
		7372F172180F7D1C00BD2850 /* TDMenuViewController_iPad.xib in Resources */ = {isa = PBXBuildFile; fileRef = 7372F171180F7D1C00BD2850 /* TDMenuViewController_iPad.xib */; };
		7372F174180F7D3400BD2850 /* TDSaveViewController_iPad.xib in Resources */ = {isa = PBXBuildFile; fileRef = 7372F173180F7D3400BD2850 /* TDSaveViewController_iPad.xib */; };
		7372F176180F7D5400BD2850 /* TDSectionViewController_iPad.xib in Resources */ = {isa = PBXBuildFile; fileRef = 7372F175180F7D5400BD2850 /* TDSectionViewController_iPad.xib */; };
		7374F94317FB02290017ECB0 /* School.m in Sources */ = {isa = PBXBuildFile; fileRef = 7374F94217FB02290017ECB0 /* School.m */; };
		73816349180C192800B32A35 /* HPFinishViewController_iPad.xib in Resources */ = {isa = PBXBuildFile; fileRef = 73816348180C192800B32A35 /* HPFinishViewController_iPad.xib */; };
		7381634B180C196500B32A35 /* HPLoginViewController_iPad.xib in Resources */ = {isa = PBXBuildFile; fileRef = 7381634A180C196500B32A35 /* HPLoginViewController_iPad.xib */; };
		7381634D180C197300B32A35 /* HPRegisterViewController_iPad.xib in Resources */ = {isa = PBXBuildFile; fileRef = 7381634C180C197300B32A35 /* HPRegisterViewController_iPad.xib */; };
		7384854717F54CDC00529CE1 /* MRMKChildCell.m in Sources */ = {isa = PBXBuildFile; fileRef = 7384853617F54CDC00529CE1 /* MRMKChildCell.m */; };
		7384854817F54CDC00529CE1 /* MRMKChildCell.xib in Resources */ = {isa = PBXBuildFile; fileRef = 7384853717F54CDC00529CE1 /* MRMKChildCell.xib */; };
		7384854917F54CDC00529CE1 /* PRLReviewerCell.m in Sources */ = {isa = PBXBuildFile; fileRef = 7384853917F54CDC00529CE1 /* PRLReviewerCell.m */; };
		7384854A17F54CDC00529CE1 /* PRLReviewerCell.xib in Resources */ = {isa = PBXBuildFile; fileRef = 7384853A17F54CDC00529CE1 /* PRLReviewerCell.xib */; };
		7384854B17F54CDC00529CE1 /* ReviewerCell.m in Sources */ = {isa = PBXBuildFile; fileRef = 7384853C17F54CDC00529CE1 /* ReviewerCell.m */; };
		7384854C17F54CDC00529CE1 /* ReviewerCell.xib in Resources */ = {isa = PBXBuildFile; fileRef = 7384853D17F54CDC00529CE1 /* ReviewerCell.xib */; };
		7384854D17F54CDC00529CE1 /* TDCheckboxCell.m in Sources */ = {isa = PBXBuildFile; fileRef = 7384853F17F54CDC00529CE1 /* TDCheckboxCell.m */; };
		7384854E17F54CDC00529CE1 /* TDCheckboxCell.xib in Resources */ = {isa = PBXBuildFile; fileRef = 7384854017F54CDC00529CE1 /* TDCheckboxCell.xib */; };
		7384854F17F54CDC00529CE1 /* TDCourseCell.m in Sources */ = {isa = PBXBuildFile; fileRef = 7384854217F54CDC00529CE1 /* TDCourseCell.m */; };
		7384855017F54CDC00529CE1 /* TDCourseCell.xib in Resources */ = {isa = PBXBuildFile; fileRef = 7384854317F54CDC00529CE1 /* TDCourseCell.xib */; };
		7384855117F54CDC00529CE1 /* TDSectionCell.m in Sources */ = {isa = PBXBuildFile; fileRef = 7384854517F54CDC00529CE1 /* TDSectionCell.m */; };
		7384855217F54CDC00529CE1 /* TDSectionCell.xib in Resources */ = {isa = PBXBuildFile; fileRef = 7384854617F54CDC00529CE1 /* TDSectionCell.xib */; };
		7384855F17F54D8B00529CE1 /* Assignees.m in Sources */ = {isa = PBXBuildFile; fileRef = 7384855617F54D8B00529CE1 /* Assignees.m */; };
		7384856017F54D8B00529CE1 /* Challenge.m in Sources */ = {isa = PBXBuildFile; fileRef = 7384855817F54D8B00529CE1 /* Challenge.m */; };
		7384856117F54D8B00529CE1 /* JakenpoyHTTPClient.m in Sources */ = {isa = PBXBuildFile; fileRef = 7384855A17F54D8B00529CE1 /* JakenpoyHTTPClient.m */; };
		7384856217F54D8B00529CE1 /* Reviewer.m in Sources */ = {isa = PBXBuildFile; fileRef = 7384855C17F54D8B00529CE1 /* Reviewer.m */; };
		7384856317F54D8B00529CE1 /* UserType.m in Sources */ = {isa = PBXBuildFile; fileRef = 7384855E17F54D8B00529CE1 /* UserType.m */; };
		7384857D17F54E5700529CE1 /* back.png in Resources */ = {isa = PBXBuildFile; fileRef = 7384856517F54E5700529CE1 /* back.png */; };
		7384857E17F54E5700529CE1 /* back_arrow.png in Resources */ = {isa = PBXBuildFile; fileRef = 7384856617F54E5700529CE1 /* back_arrow.png */; };
		7384857F17F54E5700529CE1 /* cb_glossy_off.png in Resources */ = {isa = PBXBuildFile; fileRef = 7384856717F54E5700529CE1 /* cb_glossy_off.png */; };
		7384858017F54E5700529CE1 /* cb_glossy_on.png in Resources */ = {isa = PBXBuildFile; fileRef = 7384856817F54E5700529CE1 /* cb_glossy_on.png */; };
		7384858117F54E5700529CE1 /* drop_down.png in Resources */ = {isa = PBXBuildFile; fileRef = 7384856917F54E5700529CE1 /* drop_down.png */; };
		7384858217F54E5700529CE1 /* jakenpoy_logo.png in Resources */ = {isa = PBXBuildFile; fileRef = 7384856A17F54E5700529CE1 /* jakenpoy_logo.png */; };
		7384858317F54E5700529CE1 /* jakenpoy_text.png in Resources */ = {isa = PBXBuildFile; fileRef = 7384856B17F54E5700529CE1 /* jakenpoy_text.png */; };
		7384858417F54E5700529CE1 /* landing_logo.png in Resources */ = {isa = PBXBuildFile; fileRef = 7384856C17F54E5700529CE1 /* landing_logo.png */; };
		7384858517F54E5700529CE1 /* logout_icon.png in Resources */ = {isa = PBXBuildFile; fileRef = 7384856E17F54E5700529CE1 /* logout_icon.png */; };
		7384858617F54E5700529CE1 /* make_icon.png in Resources */ = {isa = PBXBuildFile; fileRef = 7384856F17F54E5700529CE1 /* make_icon.png */; };
		7384858717F54E5700529CE1 /* manage_icon.png in Resources */ = {isa = PBXBuildFile; fileRef = 7384857017F54E5700529CE1 /* manage_icon.png */; };
		7384858817F54E5700529CE1 /* my_icon.png in Resources */ = {isa = PBXBuildFile; fileRef = 7384857117F54E5700529CE1 /* my_icon.png */; };
		7384858917F54E5700529CE1 /* pick_icon.png in Resources */ = {isa = PBXBuildFile; fileRef = 7384857217F54E5700529CE1 /* pick_icon.png */; };
		7384858A17F54E5700529CE1 /* random_icon.png in Resources */ = {isa = PBXBuildFile; fileRef = 7384857317F54E5700529CE1 /* random_icon.png */; };
		7384858B17F54E5700529CE1 /* reviewers_icon.png in Resources */ = {isa = PBXBuildFile; fileRef = 7384857417F54E5700529CE1 /* reviewers_icon.png */; };
		7384858C17F54E5700529CE1 /* teacher_icon.png in Resources */ = {isa = PBXBuildFile; fileRef = 7384857517F54E5700529CE1 /* teacher_icon.png */; };
		7384858D17F54E5700529CE1 /* tutorial_icon.png in Resources */ = {isa = PBXBuildFile; fileRef = 7384857617F54E5700529CE1 /* tutorial_icon.png */; };
		7384858E17F54E5700529CE1 /* next.png in Resources */ = {isa = PBXBuildFile; fileRef = 7384857717F54E5700529CE1 /* next.png */; };
		7384858F17F54E5700529CE1 /* selected.png in Resources */ = {isa = PBXBuildFile; fileRef = 7384857817F54E5700529CE1 /* selected.png */; };
		7384859017F54E5700529CE1 /* star_blank.png in Resources */ = {isa = PBXBuildFile; fileRef = 7384857917F54E5700529CE1 /* star_blank.png */; };
		7384859117F54E5700529CE1 /* star_fill.png in Resources */ = {isa = PBXBuildFile; fileRef = 7384857A17F54E5700529CE1 /* star_fill.png */; };
		7384859217F54E5700529CE1 /* star_half.png in Resources */ = {isa = PBXBuildFile; fileRef = 7384857B17F54E5700529CE1 /* star_half.png */; };
		7384859317F54E5700529CE1 /* unselected.png in Resources */ = {isa = PBXBuildFile; fileRef = 7384857C17F54E5700529CE1 /* unselected.png */; };
		73922A3917E7A05A00401722 /* MyAccountViewController.m in Sources */ = {isa = PBXBuildFile; fileRef = 73922A3717E7A05A00401722 /* MyAccountViewController.m */; };
		73922A3A17E7A05A00401722 /* MyAccountViewController.xib in Resources */ = {isa = PBXBuildFile; fileRef = 73922A3817E7A05A00401722 /* MyAccountViewController.xib */; };
		73A4AAEA17E97B7600F52277 /* AFHTTPClient.m in Sources */ = {isa = PBXBuildFile; fileRef = 73A4AAD817E97B7600F52277 /* AFHTTPClient.m */; };
		73A4AAEB17E97B7600F52277 /* AFHTTPRequestOperation.m in Sources */ = {isa = PBXBuildFile; fileRef = 73A4AADA17E97B7600F52277 /* AFHTTPRequestOperation.m */; };
		73A4AAEC17E97B7600F52277 /* AFImageRequestOperation.m in Sources */ = {isa = PBXBuildFile; fileRef = 73A4AADC17E97B7600F52277 /* AFImageRequestOperation.m */; };
		73A4AAED17E97B7600F52277 /* AFJSONRequestOperation.m in Sources */ = {isa = PBXBuildFile; fileRef = 73A4AADE17E97B7600F52277 /* AFJSONRequestOperation.m */; };
		73A4AAEE17E97B7600F52277 /* AFNetworkActivityIndicatorManager.m in Sources */ = {isa = PBXBuildFile; fileRef = 73A4AAE017E97B7600F52277 /* AFNetworkActivityIndicatorManager.m */; };
		73A4AAEF17E97B7600F52277 /* AFPropertyListRequestOperation.m in Sources */ = {isa = PBXBuildFile; fileRef = 73A4AAE317E97B7600F52277 /* AFPropertyListRequestOperation.m */; };
		73A4AAF017E97B7600F52277 /* AFURLConnectionOperation.m in Sources */ = {isa = PBXBuildFile; fileRef = 73A4AAE517E97B7600F52277 /* AFURLConnectionOperation.m */; };
		73A4AAF117E97B7600F52277 /* AFXMLRequestOperation.m in Sources */ = {isa = PBXBuildFile; fileRef = 73A4AAE717E97B7600F52277 /* AFXMLRequestOperation.m */; };
		73A4AAF217E97B7600F52277 /* UIImageView+AFNetworking.m in Sources */ = {isa = PBXBuildFile; fileRef = 73A4AAE917E97B7600F52277 /* UIImageView+AFNetworking.m */; };
		73A4AAFA17E97BD200F52277 /* MRSFinishViewController.m in Sources */ = {isa = PBXBuildFile; fileRef = 73A4AAF517E97BD200F52277 /* MRSFinishViewController.m */; };
		73A4AAFB17E97BD200F52277 /* MRSFinishViewController.xib in Resources */ = {isa = PBXBuildFile; fileRef = 73A4AAF617E97BD200F52277 /* MRSFinishViewController.xib */; };
		73A4AAFC17E97BD200F52277 /* MRSQuestionViewController.m in Sources */ = {isa = PBXBuildFile; fileRef = 73A4AAF817E97BD200F52277 /* MRSQuestionViewController.m */; };
		73A4AAFD17E97BD200F52277 /* MRSQuestionViewController.xib in Resources */ = {isa = PBXBuildFile; fileRef = 73A4AAF917E97BD200F52277 /* MRSQuestionViewController.xib */; };
		73A4AAFF17E9843200F52277 /* SystemConfiguration.framework in Frameworks */ = {isa = PBXBuildFile; fileRef = 73A4AAFE17E9843200F52277 /* SystemConfiguration.framework */; };
		73A4AB0117E985BD00F52277 /* MobileCoreServices.framework in Frameworks */ = {isa = PBXBuildFile; fileRef = 73A4AB0017E985BD00F52277 /* MobileCoreServices.framework */; };
		73A4AB0317E9863A00F52277 /* Security.framework in Frameworks */ = {isa = PBXBuildFile; fileRef = 73A4AB0217E9863A00F52277 /* Security.framework */; };
		73A5057C180D9684006792CA /* MyReviewersViewController_iPad.xib in Resources */ = {isa = PBXBuildFile; fileRef = 73A5057B180D9684006792CA /* MyReviewersViewController_iPad.xib */; };
		73A893AA17F6107A00A9F4FD /* Student.m in Sources */ = {isa = PBXBuildFile; fileRef = 73A893A917F6107A00A9F4FD /* Student.m */; };
		73B5E9DB17E6E2C000F53186 /* PRLFinishViewController.m in Sources */ = {isa = PBXBuildFile; fileRef = 73B5E9D317E6E2C000F53186 /* PRLFinishViewController.m */; };
		73B5E9DC17E6E2C000F53186 /* PRLFinishViewController.xib in Resources */ = {isa = PBXBuildFile; fileRef = 73B5E9D417E6E2C000F53186 /* PRLFinishViewController.xib */; };
		73B5E9DD17E6E2C000F53186 /* PRLPickViewController.m in Sources */ = {isa = PBXBuildFile; fileRef = 73B5E9D617E6E2C000F53186 /* PRLPickViewController.m */; };
		73B5E9DE17E6E2C000F53186 /* PRLPickViewController.xib in Resources */ = {isa = PBXBuildFile; fileRef = 73B5E9D717E6E2C000F53186 /* PRLPickViewController.xib */; };
		73B5E9DF17E6E2C000F53186 /* PRLSearchViewController.m in Sources */ = {isa = PBXBuildFile; fileRef = 73B5E9D917E6E2C000F53186 /* PRLSearchViewController.m */; };
		73B5E9E017E6E2C000F53186 /* PRLSearchViewController.xib in Resources */ = {isa = PBXBuildFile; fileRef = 73B5E9DA17E6E2C000F53186 /* PRLSearchViewController.xib */; };
		73CE81391806B72F00FD2957 /* Settings.bundle in Resources */ = {isa = PBXBuildFile; fileRef = 73CE81381806B72F00FD2957 /* Settings.bundle */; };
		73D3F88417E4ADCE00149106 /* HPFinishViewController.m in Sources */ = {isa = PBXBuildFile; fileRef = 73D3F87C17E4ADCE00149106 /* HPFinishViewController.m */; };
		73D3F88517E4ADCE00149106 /* HPFinishViewController.xib in Resources */ = {isa = PBXBuildFile; fileRef = 73D3F87D17E4ADCE00149106 /* HPFinishViewController.xib */; };
		73D3F88617E4ADCE00149106 /* HPLoginViewController.m in Sources */ = {isa = PBXBuildFile; fileRef = 73D3F87F17E4ADCE00149106 /* HPLoginViewController.m */; };
		73D3F88717E4ADCE00149106 /* HPLoginViewController.xib in Resources */ = {isa = PBXBuildFile; fileRef = 73D3F88017E4ADCE00149106 /* HPLoginViewController.xib */; };
		73D3F88817E4ADCE00149106 /* HPRegisterViewController.m in Sources */ = {isa = PBXBuildFile; fileRef = 73D3F88217E4ADCE00149106 /* HPRegisterViewController.m */; };
		73D3F88917E4ADCE00149106 /* HPRegisterViewController.xib in Resources */ = {isa = PBXBuildFile; fileRef = 73D3F88317E4ADCE00149106 /* HPRegisterViewController.xib */; };
		73EC79A617B914BE00F2E12E /* UIKit.framework in Frameworks */ = {isa = PBXBuildFile; fileRef = 73EC79A517B914BE00F2E12E /* UIKit.framework */; };
		73EC79A817B914BE00F2E12E /* Foundation.framework in Frameworks */ = {isa = PBXBuildFile; fileRef = 73EC79A717B914BE00F2E12E /* Foundation.framework */; };
		73EC79AA17B914BE00F2E12E /* CoreGraphics.framework in Frameworks */ = {isa = PBXBuildFile; fileRef = 73EC79A917B914BE00F2E12E /* CoreGraphics.framework */; };
		73EC79B017B914BE00F2E12E /* InfoPlist.strings in Resources */ = {isa = PBXBuildFile; fileRef = 73EC79AE17B914BE00F2E12E /* InfoPlist.strings */; };
		73EC79B217B914BE00F2E12E /* main.m in Sources */ = {isa = PBXBuildFile; fileRef = 73EC79B117B914BE00F2E12E /* main.m */; };
		73EC79B617B914BE00F2E12E /* AppDelegate.m in Sources */ = {isa = PBXBuildFile; fileRef = 73EC79B517B914BE00F2E12E /* AppDelegate.m */; };
		73EC79B817B914BE00F2E12E /* Default.png in Resources */ = {isa = PBXBuildFile; fileRef = 73EC79B717B914BE00F2E12E /* Default.png */; };
		73FED442180EAA2000162BC7 /* PRLFinishViewController_iPad.xib in Resources */ = {isa = PBXBuildFile; fileRef = 73FED441180EAA2000162BC7 /* PRLFinishViewController_iPad.xib */; };
		73FED444180EBC6D00162BC7 /* PRLPickViewController_iPad.xib in Resources */ = {isa = PBXBuildFile; fileRef = 73FED443180EBC6D00162BC7 /* PRLPickViewController_iPad.xib */; };
/* End PBXBuildFile section */

/* Begin PBXFileReference section */
		4A22730217C1FF1E00019CAD /* MyReviewersViewController.h */ = {isa = PBXFileReference; fileEncoding = 4; lastKnownFileType = sourcecode.c.h; path = MyReviewersViewController.h; sourceTree = "<group>"; };
		4A22730317C1FF1E00019CAD /* MyReviewersViewController.m */ = {isa = PBXFileReference; fileEncoding = 4; lastKnownFileType = sourcecode.c.objc; path = MyReviewersViewController.m; sourceTree = "<group>"; };
		4A22730417C1FF1E00019CAD /* MyReviewersViewController.xib */ = {isa = PBXFileReference; fileEncoding = 4; lastKnownFileType = file.xib; path = MyReviewersViewController.xib; sourceTree = "<group>"; };
		73192C7A17E779110080F339 /* RandomizerViewController.h */ = {isa = PBXFileReference; fileEncoding = 4; lastKnownFileType = sourcecode.c.h; path = RandomizerViewController.h; sourceTree = "<group>"; };
		73192C7B17E779110080F339 /* RandomizerViewController.m */ = {isa = PBXFileReference; fileEncoding = 4; lastKnownFileType = sourcecode.c.objc; path = RandomizerViewController.m; sourceTree = "<group>"; };
		73192C7C17E779110080F339 /* RandomizerViewController.xib */ = {isa = PBXFileReference; fileEncoding = 4; lastKnownFileType = file.xib; path = RandomizerViewController.xib; sourceTree = "<group>"; };
		73192C8017E783B10080F339 /* TDCourseViewController.h */ = {isa = PBXFileReference; fileEncoding = 4; lastKnownFileType = sourcecode.c.h; name = TDCourseViewController.h; path = "Teacher's Desk/TDCourseViewController.h"; sourceTree = "<group>"; };
		73192C8117E783B10080F339 /* TDCourseViewController.m */ = {isa = PBXFileReference; fileEncoding = 4; lastKnownFileType = sourcecode.c.objc; name = TDCourseViewController.m; path = "Teacher's Desk/TDCourseViewController.m"; sourceTree = "<group>"; };
		73192C8217E783B10080F339 /* TDCourseViewController.xib */ = {isa = PBXFileReference; fileEncoding = 4; lastKnownFileType = file.xib; name = TDCourseViewController.xib; path = "Teacher's Desk/TDCourseViewController.xib"; sourceTree = "<group>"; };
		73192C8317E783B10080F339 /* TDMenuViewController.h */ = {isa = PBXFileReference; fileEncoding = 4; lastKnownFileType = sourcecode.c.h; name = TDMenuViewController.h; path = "Teacher's Desk/TDMenuViewController.h"; sourceTree = "<group>"; };
		73192C8417E783B10080F339 /* TDMenuViewController.m */ = {isa = PBXFileReference; fileEncoding = 4; lastKnownFileType = sourcecode.c.objc; name = TDMenuViewController.m; path = "Teacher's Desk/TDMenuViewController.m"; sourceTree = "<group>"; };
		73192C8517E783B10080F339 /* TDMenuViewController.xib */ = {isa = PBXFileReference; fileEncoding = 4; lastKnownFileType = file.xib; name = TDMenuViewController.xib; path = "Teacher's Desk/TDMenuViewController.xib"; sourceTree = "<group>"; };
		73192C8617E783B10080F339 /* TDSaveViewController.h */ = {isa = PBXFileReference; fileEncoding = 4; lastKnownFileType = sourcecode.c.h; name = TDSaveViewController.h; path = "Teacher's Desk/TDSaveViewController.h"; sourceTree = "<group>"; };
		73192C8717E783B10080F339 /* TDSaveViewController.m */ = {isa = PBXFileReference; fileEncoding = 4; lastKnownFileType = sourcecode.c.objc; name = TDSaveViewController.m; path = "Teacher's Desk/TDSaveViewController.m"; sourceTree = "<group>"; };
		73192C8817E783B10080F339 /* TDSaveViewController.xib */ = {isa = PBXFileReference; fileEncoding = 4; lastKnownFileType = file.xib; name = TDSaveViewController.xib; path = "Teacher's Desk/TDSaveViewController.xib"; sourceTree = "<group>"; };
		73192C8917E783B10080F339 /* TDSectionViewController.h */ = {isa = PBXFileReference; fileEncoding = 4; lastKnownFileType = sourcecode.c.h; name = TDSectionViewController.h; path = "Teacher's Desk/TDSectionViewController.h"; sourceTree = "<group>"; };
		73192C8A17E783B10080F339 /* TDSectionViewController.m */ = {isa = PBXFileReference; fileEncoding = 4; lastKnownFileType = sourcecode.c.objc; name = TDSectionViewController.m; path = "Teacher's Desk/TDSectionViewController.m"; sourceTree = "<group>"; };
		73192C8B17E783B10080F339 /* TDSectionViewController.xib */ = {isa = PBXFileReference; fileEncoding = 4; lastKnownFileType = file.xib; name = TDSectionViewController.xib; path = "Teacher's Desk/TDSectionViewController.xib"; sourceTree = "<group>"; };
		73192C9417E7844B0080F339 /* AboutUsViewController.h */ = {isa = PBXFileReference; fileEncoding = 4; lastKnownFileType = sourcecode.c.h; path = AboutUsViewController.h; sourceTree = "<group>"; };
		73192C9517E7844C0080F339 /* AboutUsViewController.m */ = {isa = PBXFileReference; fileEncoding = 4; lastKnownFileType = sourcecode.c.objc; path = AboutUsViewController.m; sourceTree = "<group>"; };
		73192C9617E7844C0080F339 /* AboutUsViewController.xib */ = {isa = PBXFileReference; fileEncoding = 4; lastKnownFileType = file.xib; path = AboutUsViewController.xib; sourceTree = "<group>"; };
		732181F017FC89D9005442A8 /* new logo.png */ = {isa = PBXFileReference; lastKnownFileType = image.png; path = "new logo.png"; sourceTree = "<group>"; };
		733077FA17E62DBA00B76FA5 /* SVSegmentedControl.h */ = {isa = PBXFileReference; fileEncoding = 4; lastKnownFileType = sourcecode.c.h; path = SVSegmentedControl.h; sourceTree = "<group>"; };
		733077FB17E62DBA00B76FA5 /* SVSegmentedControl.m */ = {isa = PBXFileReference; fileEncoding = 4; lastKnownFileType = sourcecode.c.objc; path = SVSegmentedControl.m; sourceTree = "<group>"; };
		733077FC17E62DBA00B76FA5 /* SVSegmentedThumb.h */ = {isa = PBXFileReference; fileEncoding = 4; lastKnownFileType = sourcecode.c.h; path = SVSegmentedThumb.h; sourceTree = "<group>"; };
		733077FD17E62DBA00B76FA5 /* SVSegmentedThumb.m */ = {isa = PBXFileReference; fileEncoding = 4; lastKnownFileType = sourcecode.c.objc; path = SVSegmentedThumb.m; sourceTree = "<group>"; };
		735428EE17ECA57D006CDF8F /* Default-568h@2x.png */ = {isa = PBXFileReference; lastKnownFileType = image.png; path = "Default-568h@2x.png"; sourceTree = "<group>"; };
		735428F017ECA584006CDF8F /* Default~iphone.png */ = {isa = PBXFileReference; lastKnownFileType = image.png; path = "Default~iphone.png"; sourceTree = "<group>"; };
		7359929817E86EC10051E3D2 /* MRMKKidsViewController.h */ = {isa = PBXFileReference; fileEncoding = 4; lastKnownFileType = sourcecode.c.h; path = MRMKKidsViewController.h; sourceTree = "<group>"; };
		7359929917E86EC10051E3D2 /* MRMKKidsViewController.m */ = {isa = PBXFileReference; fileEncoding = 4; lastKnownFileType = sourcecode.c.objc; path = MRMKKidsViewController.m; sourceTree = "<group>"; };
		7359929A17E86EC10051E3D2 /* MRMKKidsViewController.xib */ = {isa = PBXFileReference; fileEncoding = 4; lastKnownFileType = file.xib; path = MRMKKidsViewController.xib; sourceTree = "<group>"; };
		7359929D17E86ECA0051E3D2 /* MRMKRegisterViewController.h */ = {isa = PBXFileReference; fileEncoding = 4; lastKnownFileType = sourcecode.c.h; path = MRMKRegisterViewController.h; sourceTree = "<group>"; };
		7359929E17E86ECA0051E3D2 /* MRMKRegisterViewController.m */ = {isa = PBXFileReference; fileEncoding = 4; lastKnownFileType = sourcecode.c.objc; path = MRMKRegisterViewController.m; sourceTree = "<group>"; };
		7359929F17E86ECA0051E3D2 /* MRMKRegisterViewController.xib */ = {isa = PBXFileReference; fileEncoding = 4; lastKnownFileType = file.xib; path = MRMKRegisterViewController.xib; sourceTree = "<group>"; };
		737119E21813C2E8004217BA /* AboutUsViewController_iPad.xib */ = {isa = PBXFileReference; fileEncoding = 4; lastKnownFileType = file.xib; path = AboutUsViewController_iPad.xib; sourceTree = "<group>"; };
		7372F167180F7C2000BD2850 /* PRLSearchViewController_iPad.xib */ = {isa = PBXFileReference; fileEncoding = 4; lastKnownFileType = file.xib; path = PRLSearchViewController_iPad.xib; sourceTree = "<group>"; };
		7372F169180F7C4900BD2850 /* MyAccountViewController_iPad.xib */ = {isa = PBXFileReference; fileEncoding = 4; lastKnownFileType = file.xib; path = MyAccountViewController_iPad.xib; sourceTree = "<group>"; };
		7372F16B180F7C8600BD2850 /* MRMKKidsViewController_iPad.xib */ = {isa = PBXFileReference; fileEncoding = 4; lastKnownFileType = file.xib; path = MRMKKidsViewController_iPad.xib; sourceTree = "<group>"; };
		7372F16D180F7C9700BD2850 /* MRMKRegisterViewController_iPad.xib */ = {isa = PBXFileReference; fileEncoding = 4; lastKnownFileType = file.xib; path = MRMKRegisterViewController_iPad.xib; sourceTree = "<group>"; };
		7372F16F180F7D0400BD2850 /* TDCourseViewController_iPad.xib */ = {isa = PBXFileReference; fileEncoding = 4; lastKnownFileType = file.xib; path = TDCourseViewController_iPad.xib; sourceTree = "<group>"; };
		7372F171180F7D1C00BD2850 /* TDMenuViewController_iPad.xib */ = {isa = PBXFileReference; fileEncoding = 4; lastKnownFileType = file.xib; path = TDMenuViewController_iPad.xib; sourceTree = "<group>"; };
		7372F173180F7D3400BD2850 /* TDSaveViewController_iPad.xib */ = {isa = PBXFileReference; fileEncoding = 4; lastKnownFileType = file.xib; path = TDSaveViewController_iPad.xib; sourceTree = "<group>"; };
		7372F175180F7D5400BD2850 /* TDSectionViewController_iPad.xib */ = {isa = PBXFileReference; fileEncoding = 4; lastKnownFileType = file.xib; path = TDSectionViewController_iPad.xib; sourceTree = "<group>"; };
		7374F94117FB02290017ECB0 /* School.h */ = {isa = PBXFileReference; fileEncoding = 4; lastKnownFileType = sourcecode.c.h; path = School.h; sourceTree = "<group>"; };
		7374F94217FB02290017ECB0 /* School.m */ = {isa = PBXFileReference; fileEncoding = 4; lastKnownFileType = sourcecode.c.objc; path = School.m; sourceTree = "<group>"; };
		73816348180C192800B32A35 /* HPFinishViewController_iPad.xib */ = {isa = PBXFileReference; fileEncoding = 4; lastKnownFileType = file.xib; path = HPFinishViewController_iPad.xib; sourceTree = "<group>"; };
		7381634A180C196500B32A35 /* HPLoginViewController_iPad.xib */ = {isa = PBXFileReference; fileEncoding = 4; lastKnownFileType = file.xib; path = HPLoginViewController_iPad.xib; sourceTree = "<group>"; };
		7381634C180C197300B32A35 /* HPRegisterViewController_iPad.xib */ = {isa = PBXFileReference; fileEncoding = 4; lastKnownFileType = file.xib; path = HPRegisterViewController_iPad.xib; sourceTree = "<group>"; };
		7384853517F54CDC00529CE1 /* MRMKChildCell.h */ = {isa = PBXFileReference; fileEncoding = 4; lastKnownFileType = sourcecode.c.h; path = MRMKChildCell.h; sourceTree = "<group>"; };
		7384853617F54CDC00529CE1 /* MRMKChildCell.m */ = {isa = PBXFileReference; fileEncoding = 4; lastKnownFileType = sourcecode.c.objc; path = MRMKChildCell.m; sourceTree = "<group>"; };
		7384853717F54CDC00529CE1 /* MRMKChildCell.xib */ = {isa = PBXFileReference; fileEncoding = 4; lastKnownFileType = file.xib; path = MRMKChildCell.xib; sourceTree = "<group>"; };
		7384853817F54CDC00529CE1 /* PRLReviewerCell.h */ = {isa = PBXFileReference; fileEncoding = 4; lastKnownFileType = sourcecode.c.h; path = PRLReviewerCell.h; sourceTree = "<group>"; };
		7384853917F54CDC00529CE1 /* PRLReviewerCell.m */ = {isa = PBXFileReference; fileEncoding = 4; lastKnownFileType = sourcecode.c.objc; path = PRLReviewerCell.m; sourceTree = "<group>"; };
		7384853A17F54CDC00529CE1 /* PRLReviewerCell.xib */ = {isa = PBXFileReference; fileEncoding = 4; lastKnownFileType = file.xib; path = PRLReviewerCell.xib; sourceTree = "<group>"; };
		7384853B17F54CDC00529CE1 /* ReviewerCell.h */ = {isa = PBXFileReference; fileEncoding = 4; lastKnownFileType = sourcecode.c.h; path = ReviewerCell.h; sourceTree = "<group>"; };
		7384853C17F54CDC00529CE1 /* ReviewerCell.m */ = {isa = PBXFileReference; fileEncoding = 4; lastKnownFileType = sourcecode.c.objc; path = ReviewerCell.m; sourceTree = "<group>"; };
		7384853D17F54CDC00529CE1 /* ReviewerCell.xib */ = {isa = PBXFileReference; fileEncoding = 4; lastKnownFileType = file.xib; path = ReviewerCell.xib; sourceTree = "<group>"; };
		7384853E17F54CDC00529CE1 /* TDCheckboxCell.h */ = {isa = PBXFileReference; fileEncoding = 4; lastKnownFileType = sourcecode.c.h; path = TDCheckboxCell.h; sourceTree = "<group>"; };
		7384853F17F54CDC00529CE1 /* TDCheckboxCell.m */ = {isa = PBXFileReference; fileEncoding = 4; lastKnownFileType = sourcecode.c.objc; path = TDCheckboxCell.m; sourceTree = "<group>"; };
		7384854017F54CDC00529CE1 /* TDCheckboxCell.xib */ = {isa = PBXFileReference; fileEncoding = 4; lastKnownFileType = file.xib; path = TDCheckboxCell.xib; sourceTree = "<group>"; };
		7384854117F54CDC00529CE1 /* TDCourseCell.h */ = {isa = PBXFileReference; fileEncoding = 4; lastKnownFileType = sourcecode.c.h; path = TDCourseCell.h; sourceTree = "<group>"; };
		7384854217F54CDC00529CE1 /* TDCourseCell.m */ = {isa = PBXFileReference; fileEncoding = 4; lastKnownFileType = sourcecode.c.objc; path = TDCourseCell.m; sourceTree = "<group>"; };
		7384854317F54CDC00529CE1 /* TDCourseCell.xib */ = {isa = PBXFileReference; fileEncoding = 4; lastKnownFileType = file.xib; path = TDCourseCell.xib; sourceTree = "<group>"; };
		7384854417F54CDC00529CE1 /* TDSectionCell.h */ = {isa = PBXFileReference; fileEncoding = 4; lastKnownFileType = sourcecode.c.h; path = TDSectionCell.h; sourceTree = "<group>"; };
		7384854517F54CDC00529CE1 /* TDSectionCell.m */ = {isa = PBXFileReference; fileEncoding = 4; lastKnownFileType = sourcecode.c.objc; path = TDSectionCell.m; sourceTree = "<group>"; };
		7384854617F54CDC00529CE1 /* TDSectionCell.xib */ = {isa = PBXFileReference; fileEncoding = 4; lastKnownFileType = file.xib; path = TDSectionCell.xib; sourceTree = "<group>"; };
		7384855517F54D8B00529CE1 /* Assignees.h */ = {isa = PBXFileReference; fileEncoding = 4; lastKnownFileType = sourcecode.c.h; path = Assignees.h; sourceTree = "<group>"; };
		7384855617F54D8B00529CE1 /* Assignees.m */ = {isa = PBXFileReference; fileEncoding = 4; lastKnownFileType = sourcecode.c.objc; path = Assignees.m; sourceTree = "<group>"; };
		7384855717F54D8B00529CE1 /* Challenge.h */ = {isa = PBXFileReference; fileEncoding = 4; lastKnownFileType = sourcecode.c.h; path = Challenge.h; sourceTree = "<group>"; };
		7384855817F54D8B00529CE1 /* Challenge.m */ = {isa = PBXFileReference; fileEncoding = 4; lastKnownFileType = sourcecode.c.objc; path = Challenge.m; sourceTree = "<group>"; };
		7384855917F54D8B00529CE1 /* JakenpoyHTTPClient.h */ = {isa = PBXFileReference; fileEncoding = 4; lastKnownFileType = sourcecode.c.h; path = JakenpoyHTTPClient.h; sourceTree = "<group>"; };
		7384855A17F54D8B00529CE1 /* JakenpoyHTTPClient.m */ = {isa = PBXFileReference; fileEncoding = 4; lastKnownFileType = sourcecode.c.objc; path = JakenpoyHTTPClient.m; sourceTree = "<group>"; };
		7384855B17F54D8B00529CE1 /* Reviewer.h */ = {isa = PBXFileReference; fileEncoding = 4; lastKnownFileType = sourcecode.c.h; path = Reviewer.h; sourceTree = "<group>"; };
		7384855C17F54D8B00529CE1 /* Reviewer.m */ = {isa = PBXFileReference; fileEncoding = 4; lastKnownFileType = sourcecode.c.objc; path = Reviewer.m; sourceTree = "<group>"; };
		7384855D17F54D8B00529CE1 /* UserType.h */ = {isa = PBXFileReference; fileEncoding = 4; lastKnownFileType = sourcecode.c.h; path = UserType.h; sourceTree = "<group>"; };
		7384855E17F54D8B00529CE1 /* UserType.m */ = {isa = PBXFileReference; fileEncoding = 4; lastKnownFileType = sourcecode.c.objc; path = UserType.m; sourceTree = "<group>"; };
		7384856517F54E5700529CE1 /* back.png */ = {isa = PBXFileReference; lastKnownFileType = image.png; path = back.png; sourceTree = "<group>"; };
		7384856617F54E5700529CE1 /* back_arrow.png */ = {isa = PBXFileReference; lastKnownFileType = image.png; path = back_arrow.png; sourceTree = "<group>"; };
		7384856717F54E5700529CE1 /* cb_glossy_off.png */ = {isa = PBXFileReference; lastKnownFileType = image.png; path = cb_glossy_off.png; sourceTree = "<group>"; };
		7384856817F54E5700529CE1 /* cb_glossy_on.png */ = {isa = PBXFileReference; lastKnownFileType = image.png; path = cb_glossy_on.png; sourceTree = "<group>"; };
		7384856917F54E5700529CE1 /* drop_down.png */ = {isa = PBXFileReference; lastKnownFileType = image.png; path = drop_down.png; sourceTree = "<group>"; };
		7384856A17F54E5700529CE1 /* jakenpoy_logo.png */ = {isa = PBXFileReference; lastKnownFileType = image.png; path = jakenpoy_logo.png; sourceTree = "<group>"; };
		7384856B17F54E5700529CE1 /* jakenpoy_text.png */ = {isa = PBXFileReference; lastKnownFileType = image.png; path = jakenpoy_text.png; sourceTree = "<group>"; };
		7384856C17F54E5700529CE1 /* landing_logo.png */ = {isa = PBXFileReference; lastKnownFileType = image.png; path = landing_logo.png; sourceTree = "<group>"; };
		7384856E17F54E5700529CE1 /* logout_icon.png */ = {isa = PBXFileReference; lastKnownFileType = image.png; path = logout_icon.png; sourceTree = "<group>"; };
		7384856F17F54E5700529CE1 /* make_icon.png */ = {isa = PBXFileReference; lastKnownFileType = image.png; path = make_icon.png; sourceTree = "<group>"; };
		7384857017F54E5700529CE1 /* manage_icon.png */ = {isa = PBXFileReference; lastKnownFileType = image.png; path = manage_icon.png; sourceTree = "<group>"; };
		7384857117F54E5700529CE1 /* my_icon.png */ = {isa = PBXFileReference; lastKnownFileType = image.png; path = my_icon.png; sourceTree = "<group>"; };
		7384857217F54E5700529CE1 /* pick_icon.png */ = {isa = PBXFileReference; lastKnownFileType = image.png; path = pick_icon.png; sourceTree = "<group>"; };
		7384857317F54E5700529CE1 /* random_icon.png */ = {isa = PBXFileReference; lastKnownFileType = image.png; path = random_icon.png; sourceTree = "<group>"; };
		7384857417F54E5700529CE1 /* reviewers_icon.png */ = {isa = PBXFileReference; lastKnownFileType = image.png; path = reviewers_icon.png; sourceTree = "<group>"; };
		7384857517F54E5700529CE1 /* teacher_icon.png */ = {isa = PBXFileReference; lastKnownFileType = image.png; path = teacher_icon.png; sourceTree = "<group>"; };
		7384857617F54E5700529CE1 /* tutorial_icon.png */ = {isa = PBXFileReference; lastKnownFileType = image.png; path = tutorial_icon.png; sourceTree = "<group>"; };
		7384857717F54E5700529CE1 /* next.png */ = {isa = PBXFileReference; lastKnownFileType = image.png; path = next.png; sourceTree = "<group>"; };
		7384857817F54E5700529CE1 /* selected.png */ = {isa = PBXFileReference; lastKnownFileType = image.png; path = selected.png; sourceTree = "<group>"; };
		7384857917F54E5700529CE1 /* star_blank.png */ = {isa = PBXFileReference; lastKnownFileType = image.png; path = star_blank.png; sourceTree = "<group>"; };
		7384857A17F54E5700529CE1 /* star_fill.png */ = {isa = PBXFileReference; lastKnownFileType = image.png; path = star_fill.png; sourceTree = "<group>"; };
		7384857B17F54E5700529CE1 /* star_half.png */ = {isa = PBXFileReference; lastKnownFileType = image.png; path = star_half.png; sourceTree = "<group>"; };
		7384857C17F54E5700529CE1 /* unselected.png */ = {isa = PBXFileReference; lastKnownFileType = image.png; path = unselected.png; sourceTree = "<group>"; };
		73922A3617E7A05A00401722 /* MyAccountViewController.h */ = {isa = PBXFileReference; fileEncoding = 4; lastKnownFileType = sourcecode.c.h; path = MyAccountViewController.h; sourceTree = "<group>"; };
		73922A3717E7A05A00401722 /* MyAccountViewController.m */ = {isa = PBXFileReference; fileEncoding = 4; lastKnownFileType = sourcecode.c.objc; path = MyAccountViewController.m; sourceTree = "<group>"; };
		73922A3817E7A05A00401722 /* MyAccountViewController.xib */ = {isa = PBXFileReference; fileEncoding = 4; lastKnownFileType = file.xib; path = MyAccountViewController.xib; sourceTree = "<group>"; };
		73A4AAD717E97B7600F52277 /* AFHTTPClient.h */ = {isa = PBXFileReference; fileEncoding = 4; lastKnownFileType = sourcecode.c.h; path = AFHTTPClient.h; sourceTree = "<group>"; };
		73A4AAD817E97B7600F52277 /* AFHTTPClient.m */ = {isa = PBXFileReference; fileEncoding = 4; lastKnownFileType = sourcecode.c.objc; path = AFHTTPClient.m; sourceTree = "<group>"; };
		73A4AAD917E97B7600F52277 /* AFHTTPRequestOperation.h */ = {isa = PBXFileReference; fileEncoding = 4; lastKnownFileType = sourcecode.c.h; path = AFHTTPRequestOperation.h; sourceTree = "<group>"; };
		73A4AADA17E97B7600F52277 /* AFHTTPRequestOperation.m */ = {isa = PBXFileReference; fileEncoding = 4; lastKnownFileType = sourcecode.c.objc; path = AFHTTPRequestOperation.m; sourceTree = "<group>"; };
		73A4AADB17E97B7600F52277 /* AFImageRequestOperation.h */ = {isa = PBXFileReference; fileEncoding = 4; lastKnownFileType = sourcecode.c.h; path = AFImageRequestOperation.h; sourceTree = "<group>"; };
		73A4AADC17E97B7600F52277 /* AFImageRequestOperation.m */ = {isa = PBXFileReference; fileEncoding = 4; lastKnownFileType = sourcecode.c.objc; path = AFImageRequestOperation.m; sourceTree = "<group>"; };
		73A4AADD17E97B7600F52277 /* AFJSONRequestOperation.h */ = {isa = PBXFileReference; fileEncoding = 4; lastKnownFileType = sourcecode.c.h; path = AFJSONRequestOperation.h; sourceTree = "<group>"; };
		73A4AADE17E97B7600F52277 /* AFJSONRequestOperation.m */ = {isa = PBXFileReference; fileEncoding = 4; lastKnownFileType = sourcecode.c.objc; path = AFJSONRequestOperation.m; sourceTree = "<group>"; };
		73A4AADF17E97B7600F52277 /* AFNetworkActivityIndicatorManager.h */ = {isa = PBXFileReference; fileEncoding = 4; lastKnownFileType = sourcecode.c.h; path = AFNetworkActivityIndicatorManager.h; sourceTree = "<group>"; };
		73A4AAE017E97B7600F52277 /* AFNetworkActivityIndicatorManager.m */ = {isa = PBXFileReference; fileEncoding = 4; lastKnownFileType = sourcecode.c.objc; path = AFNetworkActivityIndicatorManager.m; sourceTree = "<group>"; };
		73A4AAE117E97B7600F52277 /* AFNetworking.h */ = {isa = PBXFileReference; fileEncoding = 4; lastKnownFileType = sourcecode.c.h; path = AFNetworking.h; sourceTree = "<group>"; };
		73A4AAE217E97B7600F52277 /* AFPropertyListRequestOperation.h */ = {isa = PBXFileReference; fileEncoding = 4; lastKnownFileType = sourcecode.c.h; path = AFPropertyListRequestOperation.h; sourceTree = "<group>"; };
		73A4AAE317E97B7600F52277 /* AFPropertyListRequestOperation.m */ = {isa = PBXFileReference; fileEncoding = 4; lastKnownFileType = sourcecode.c.objc; path = AFPropertyListRequestOperation.m; sourceTree = "<group>"; };
		73A4AAE417E97B7600F52277 /* AFURLConnectionOperation.h */ = {isa = PBXFileReference; fileEncoding = 4; lastKnownFileType = sourcecode.c.h; path = AFURLConnectionOperation.h; sourceTree = "<group>"; };
		73A4AAE517E97B7600F52277 /* AFURLConnectionOperation.m */ = {isa = PBXFileReference; fileEncoding = 4; lastKnownFileType = sourcecode.c.objc; path = AFURLConnectionOperation.m; sourceTree = "<group>"; };
		73A4AAE617E97B7600F52277 /* AFXMLRequestOperation.h */ = {isa = PBXFileReference; fileEncoding = 4; lastKnownFileType = sourcecode.c.h; path = AFXMLRequestOperation.h; sourceTree = "<group>"; };
		73A4AAE717E97B7600F52277 /* AFXMLRequestOperation.m */ = {isa = PBXFileReference; fileEncoding = 4; lastKnownFileType = sourcecode.c.objc; path = AFXMLRequestOperation.m; sourceTree = "<group>"; };
		73A4AAE817E97B7600F52277 /* UIImageView+AFNetworking.h */ = {isa = PBXFileReference; fileEncoding = 4; lastKnownFileType = sourcecode.c.h; path = "UIImageView+AFNetworking.h"; sourceTree = "<group>"; };
		73A4AAE917E97B7600F52277 /* UIImageView+AFNetworking.m */ = {isa = PBXFileReference; fileEncoding = 4; lastKnownFileType = sourcecode.c.objc; path = "UIImageView+AFNetworking.m"; sourceTree = "<group>"; };
		73A4AAF417E97BD200F52277 /* MRSFinishViewController.h */ = {isa = PBXFileReference; fileEncoding = 4; lastKnownFileType = sourcecode.c.h; name = MRSFinishViewController.h; path = "Make a Reviewer from Scratch/MRSFinishViewController.h"; sourceTree = "<group>"; };
		73A4AAF517E97BD200F52277 /* MRSFinishViewController.m */ = {isa = PBXFileReference; fileEncoding = 4; lastKnownFileType = sourcecode.c.objc; name = MRSFinishViewController.m; path = "Make a Reviewer from Scratch/MRSFinishViewController.m"; sourceTree = "<group>"; };
		73A4AAF617E97BD200F52277 /* MRSFinishViewController.xib */ = {isa = PBXFileReference; fileEncoding = 4; lastKnownFileType = file.xib; name = MRSFinishViewController.xib; path = "Make a Reviewer from Scratch/MRSFinishViewController.xib"; sourceTree = "<group>"; };
		73A4AAF717E97BD200F52277 /* MRSQuestionViewController.h */ = {isa = PBXFileReference; fileEncoding = 4; lastKnownFileType = sourcecode.c.h; name = MRSQuestionViewController.h; path = "Make a Reviewer from Scratch/MRSQuestionViewController.h"; sourceTree = "<group>"; };
		73A4AAF817E97BD200F52277 /* MRSQuestionViewController.m */ = {isa = PBXFileReference; fileEncoding = 4; lastKnownFileType = sourcecode.c.objc; name = MRSQuestionViewController.m; path = "Make a Reviewer from Scratch/MRSQuestionViewController.m"; sourceTree = "<group>"; };
		73A4AAF917E97BD200F52277 /* MRSQuestionViewController.xib */ = {isa = PBXFileReference; fileEncoding = 4; lastKnownFileType = file.xib; name = MRSQuestionViewController.xib; path = "Make a Reviewer from Scratch/MRSQuestionViewController.xib"; sourceTree = "<group>"; };
		73A4AAFE17E9843200F52277 /* SystemConfiguration.framework */ = {isa = PBXFileReference; lastKnownFileType = wrapper.framework; name = SystemConfiguration.framework; path = System/Library/Frameworks/SystemConfiguration.framework; sourceTree = SDKROOT; };
		73A4AB0017E985BD00F52277 /* MobileCoreServices.framework */ = {isa = PBXFileReference; lastKnownFileType = wrapper.framework; name = MobileCoreServices.framework; path = System/Library/Frameworks/MobileCoreServices.framework; sourceTree = SDKROOT; };
		73A4AB0217E9863A00F52277 /* Security.framework */ = {isa = PBXFileReference; lastKnownFileType = wrapper.framework; name = Security.framework; path = System/Library/Frameworks/Security.framework; sourceTree = SDKROOT; };
		73A5057B180D9684006792CA /* MyReviewersViewController_iPad.xib */ = {isa = PBXFileReference; fileEncoding = 4; lastKnownFileType = file.xib; path = MyReviewersViewController_iPad.xib; sourceTree = "<group>"; };
		73A893A817F6107A00A9F4FD /* Student.h */ = {isa = PBXFileReference; fileEncoding = 4; lastKnownFileType = sourcecode.c.h; path = Student.h; sourceTree = "<group>"; };
		73A893A917F6107A00A9F4FD /* Student.m */ = {isa = PBXFileReference; fileEncoding = 4; lastKnownFileType = sourcecode.c.objc; path = Student.m; sourceTree = "<group>"; };
		73B5E9D217E6E2C000F53186 /* PRLFinishViewController.h */ = {isa = PBXFileReference; fileEncoding = 4; lastKnownFileType = sourcecode.c.h; name = PRLFinishViewController.h; path = "Pick a Reviewer from the Library/PRLFinishViewController.h"; sourceTree = "<group>"; };
		73B5E9D317E6E2C000F53186 /* PRLFinishViewController.m */ = {isa = PBXFileReference; fileEncoding = 4; lastKnownFileType = sourcecode.c.objc; name = PRLFinishViewController.m; path = "Pick a Reviewer from the Library/PRLFinishViewController.m"; sourceTree = "<group>"; };
		73B5E9D417E6E2C000F53186 /* PRLFinishViewController.xib */ = {isa = PBXFileReference; fileEncoding = 4; lastKnownFileType = file.xib; name = PRLFinishViewController.xib; path = "Pick a Reviewer from the Library/PRLFinishViewController.xib"; sourceTree = "<group>"; };
		73B5E9D517E6E2C000F53186 /* PRLPickViewController.h */ = {isa = PBXFileReference; fileEncoding = 4; lastKnownFileType = sourcecode.c.h; name = PRLPickViewController.h; path = "Pick a Reviewer from the Library/PRLPickViewController.h"; sourceTree = "<group>"; };
		73B5E9D617E6E2C000F53186 /* PRLPickViewController.m */ = {isa = PBXFileReference; fileEncoding = 4; lastKnownFileType = sourcecode.c.objc; name = PRLPickViewController.m; path = "Pick a Reviewer from the Library/PRLPickViewController.m"; sourceTree = "<group>"; };
		73B5E9D717E6E2C000F53186 /* PRLPickViewController.xib */ = {isa = PBXFileReference; fileEncoding = 4; lastKnownFileType = file.xib; name = PRLPickViewController.xib; path = "Pick a Reviewer from the Library/PRLPickViewController.xib"; sourceTree = "<group>"; };
		73B5E9D817E6E2C000F53186 /* PRLSearchViewController.h */ = {isa = PBXFileReference; fileEncoding = 4; lastKnownFileType = sourcecode.c.h; name = PRLSearchViewController.h; path = "Pick a Reviewer from the Library/PRLSearchViewController.h"; sourceTree = "<group>"; };
		73B5E9D917E6E2C000F53186 /* PRLSearchViewController.m */ = {isa = PBXFileReference; fileEncoding = 4; lastKnownFileType = sourcecode.c.objc; name = PRLSearchViewController.m; path = "Pick a Reviewer from the Library/PRLSearchViewController.m"; sourceTree = "<group>"; };
		73B5E9DA17E6E2C000F53186 /* PRLSearchViewController.xib */ = {isa = PBXFileReference; fileEncoding = 4; lastKnownFileType = file.xib; name = PRLSearchViewController.xib; path = "Pick a Reviewer from the Library/PRLSearchViewController.xib"; sourceTree = "<group>"; };
		73CE81381806B72F00FD2957 /* Settings.bundle */ = {isa = PBXFileReference; lastKnownFileType = "wrapper.plug-in"; path = Settings.bundle; sourceTree = "<group>"; };
		73D3F87B17E4ADCE00149106 /* HPFinishViewController.h */ = {isa = PBXFileReference; fileEncoding = 4; lastKnownFileType = sourcecode.c.h; name = HPFinishViewController.h; path = Homepage/HPFinishViewController.h; sourceTree = "<group>"; };
		73D3F87C17E4ADCE00149106 /* HPFinishViewController.m */ = {isa = PBXFileReference; fileEncoding = 4; lastKnownFileType = sourcecode.c.objc; name = HPFinishViewController.m; path = Homepage/HPFinishViewController.m; sourceTree = "<group>"; };
		73D3F87D17E4ADCE00149106 /* HPFinishViewController.xib */ = {isa = PBXFileReference; fileEncoding = 4; lastKnownFileType = file.xib; name = HPFinishViewController.xib; path = Homepage/HPFinishViewController.xib; sourceTree = "<group>"; };
		73D3F87E17E4ADCE00149106 /* HPLoginViewController.h */ = {isa = PBXFileReference; fileEncoding = 4; lastKnownFileType = sourcecode.c.h; name = HPLoginViewController.h; path = Homepage/HPLoginViewController.h; sourceTree = "<group>"; };
		73D3F87F17E4ADCE00149106 /* HPLoginViewController.m */ = {isa = PBXFileReference; fileEncoding = 4; lastKnownFileType = sourcecode.c.objc; name = HPLoginViewController.m; path = Homepage/HPLoginViewController.m; sourceTree = "<group>"; };
		73D3F88017E4ADCE00149106 /* HPLoginViewController.xib */ = {isa = PBXFileReference; fileEncoding = 4; lastKnownFileType = file.xib; name = HPLoginViewController.xib; path = Homepage/HPLoginViewController.xib; sourceTree = "<group>"; };
		73D3F88117E4ADCE00149106 /* HPRegisterViewController.h */ = {isa = PBXFileReference; fileEncoding = 4; lastKnownFileType = sourcecode.c.h; name = HPRegisterViewController.h; path = Homepage/HPRegisterViewController.h; sourceTree = "<group>"; };
		73D3F88217E4ADCE00149106 /* HPRegisterViewController.m */ = {isa = PBXFileReference; fileEncoding = 4; lastKnownFileType = sourcecode.c.objc; name = HPRegisterViewController.m; path = Homepage/HPRegisterViewController.m; sourceTree = "<group>"; };
		73D3F88317E4ADCE00149106 /* HPRegisterViewController.xib */ = {isa = PBXFileReference; fileEncoding = 4; lastKnownFileType = file.xib; name = HPRegisterViewController.xib; path = Homepage/HPRegisterViewController.xib; sourceTree = "<group>"; };
		73EC79A217B914BE00F2E12E /* Jakenpoy PTA.app */ = {isa = PBXFileReference; explicitFileType = wrapper.application; includeInIndex = 0; path = "Jakenpoy PTA.app"; sourceTree = BUILT_PRODUCTS_DIR; };
		73EC79A517B914BE00F2E12E /* UIKit.framework */ = {isa = PBXFileReference; lastKnownFileType = wrapper.framework; name = UIKit.framework; path = System/Library/Frameworks/UIKit.framework; sourceTree = SDKROOT; };
		73EC79A717B914BE00F2E12E /* Foundation.framework */ = {isa = PBXFileReference; lastKnownFileType = wrapper.framework; name = Foundation.framework; path = System/Library/Frameworks/Foundation.framework; sourceTree = SDKROOT; };
		73EC79A917B914BE00F2E12E /* CoreGraphics.framework */ = {isa = PBXFileReference; lastKnownFileType = wrapper.framework; name = CoreGraphics.framework; path = System/Library/Frameworks/CoreGraphics.framework; sourceTree = SDKROOT; };
		73EC79AD17B914BE00F2E12E /* Jakenpoy PTA-Info.plist */ = {isa = PBXFileReference; lastKnownFileType = text.plist.xml; path = "Jakenpoy PTA-Info.plist"; sourceTree = "<group>"; };
		73EC79AF17B914BE00F2E12E /* en */ = {isa = PBXFileReference; lastKnownFileType = text.plist.strings; name = en; path = en.lproj/InfoPlist.strings; sourceTree = "<group>"; };
		73EC79B117B914BE00F2E12E /* main.m */ = {isa = PBXFileReference; lastKnownFileType = sourcecode.c.objc; path = main.m; sourceTree = "<group>"; };
		73EC79B317B914BE00F2E12E /* Jakenpoy PTA-Prefix.pch */ = {isa = PBXFileReference; lastKnownFileType = sourcecode.c.h; path = "Jakenpoy PTA-Prefix.pch"; sourceTree = "<group>"; };
		73EC79B417B914BE00F2E12E /* AppDelegate.h */ = {isa = PBXFileReference; lastKnownFileType = sourcecode.c.h; path = AppDelegate.h; sourceTree = "<group>"; };
		73EC79B517B914BE00F2E12E /* AppDelegate.m */ = {isa = PBXFileReference; lastKnownFileType = sourcecode.c.objc; path = AppDelegate.m; sourceTree = "<group>"; };
		73EC79B717B914BE00F2E12E /* Default.png */ = {isa = PBXFileReference; lastKnownFileType = image.png; path = Default.png; sourceTree = "<group>"; };
		73FED441180EAA2000162BC7 /* PRLFinishViewController_iPad.xib */ = {isa = PBXFileReference; fileEncoding = 4; lastKnownFileType = file.xib; path = PRLFinishViewController_iPad.xib; sourceTree = "<group>"; };
		73FED443180EBC6D00162BC7 /* PRLPickViewController_iPad.xib */ = {isa = PBXFileReference; fileEncoding = 4; lastKnownFileType = file.xib; path = PRLPickViewController_iPad.xib; sourceTree = "<group>"; };
/* End PBXFileReference section */

/* Begin PBXFrameworksBuildPhase section */
		73EC799F17B914BE00F2E12E /* Frameworks */ = {
			isa = PBXFrameworksBuildPhase;
			buildActionMask = 2147483647;
			files = (
				73EC79A617B914BE00F2E12E /* UIKit.framework in Frameworks */,
				73EC79A817B914BE00F2E12E /* Foundation.framework in Frameworks */,
				73EC79AA17B914BE00F2E12E /* CoreGraphics.framework in Frameworks */,
				73A4AAFF17E9843200F52277 /* SystemConfiguration.framework in Frameworks */,
				73A4AB0117E985BD00F52277 /* MobileCoreServices.framework in Frameworks */,
				73A4AB0317E9863A00F52277 /* Security.framework in Frameworks */,
			);
			runOnlyForDeploymentPostprocessing = 0;
		};
/* End PBXFrameworksBuildPhase section */

/* Begin PBXGroup section */
		4A2272FE17C1FA0400019CAD /* Homepage */ = {
			isa = PBXGroup;
			children = (
				4A22730117C1FD7200019CAD /* xib */,
				73D3F87B17E4ADCE00149106 /* HPFinishViewController.h */,
				73D3F87C17E4ADCE00149106 /* HPFinishViewController.m */,
				73D3F87E17E4ADCE00149106 /* HPLoginViewController.h */,
				73D3F87F17E4ADCE00149106 /* HPLoginViewController.m */,
				73D3F88117E4ADCE00149106 /* HPRegisterViewController.h */,
				73D3F88217E4ADCE00149106 /* HPRegisterViewController.m */,
			);
			name = Homepage;
			sourceTree = "<group>";
		};
		4A2272FF17C1FA0F00019CAD /* delegate */ = {
			isa = PBXGroup;
			children = (
				73EC79B417B914BE00F2E12E /* AppDelegate.h */,
				73EC79B517B914BE00F2E12E /* AppDelegate.m */,
			);
			name = delegate;
			sourceTree = "<group>";
		};
		4A22730117C1FD7200019CAD /* xib */ = {
			isa = PBXGroup;
			children = (
				73D3F87D17E4ADCE00149106 /* HPFinishViewController.xib */,
				73816348180C192800B32A35 /* HPFinishViewController_iPad.xib */,
				73D3F88017E4ADCE00149106 /* HPLoginViewController.xib */,
				7381634A180C196500B32A35 /* HPLoginViewController_iPad.xib */,
				73D3F88317E4ADCE00149106 /* HPRegisterViewController.xib */,
				7381634C180C197300B32A35 /* HPRegisterViewController_iPad.xib */,
			);
			name = xib;
			sourceTree = "<group>";
		};
		4A22730C17C2170400019CAD /* Model */ = {
			isa = PBXGroup;
			children = (
				7384855417F54D8B00529CE1 /* Classes */,
				7384853417F54CDC00529CE1 /* Custom UI */,
			);
			name = Model;
			sourceTree = "<group>";
		};
		4A5C10A517C328AD00C89CA6 /* View */ = {
			isa = PBXGroup;
			children = (
				4A2272FE17C1FA0400019CAD /* Homepage */,
				4A5C10A717C328DA00C89CA6 /* My Reviewers */,
				73FD1EBA17DC3A2600A690D2 /* Pick a Reviewer from the Library */,
				4A5C10AD17C3374300C89CA6 /* Teacher's Desk */,
				739239F717E6C77600576D06 /* Make a Reviewer from Scratch */,
				73192C7F17E779160080F339 /* Randomizer */,
				735992A217E86ECF0051E3D2 /* Manage/Register My Kids */,
				73922A3B17E7A05C00401722 /* My Account */,
				73192C9917E7844F0080F339 /* About Us */,
			);
			name = View;
			sourceTree = "<group>";
		};
		4A5C10A717C328DA00C89CA6 /* My Reviewers */ = {
			isa = PBXGroup;
			children = (
				4A22730417C1FF1E00019CAD /* MyReviewersViewController.xib */,
				73A5057B180D9684006792CA /* MyReviewersViewController_iPad.xib */,
				4A22730217C1FF1E00019CAD /* MyReviewersViewController.h */,
				4A22730317C1FF1E00019CAD /* MyReviewersViewController.m */,
			);
			name = "My Reviewers";
			sourceTree = "<group>";
		};
		4A5C10AD17C3374300C89CA6 /* Teacher's Desk */ = {
			isa = PBXGroup;
			children = (
				4A5C10BD17C33C9300C89CA6 /* xib */,
				73192C8017E783B10080F339 /* TDCourseViewController.h */,
				73192C8117E783B10080F339 /* TDCourseViewController.m */,
				73192C8317E783B10080F339 /* TDMenuViewController.h */,
				73192C8417E783B10080F339 /* TDMenuViewController.m */,
				73192C8617E783B10080F339 /* TDSaveViewController.h */,
				73192C8717E783B10080F339 /* TDSaveViewController.m */,
				73192C8917E783B10080F339 /* TDSectionViewController.h */,
				73192C8A17E783B10080F339 /* TDSectionViewController.m */,
			);
			name = "Teacher's Desk";
			sourceTree = "<group>";
		};
		4A5C10BD17C33C9300C89CA6 /* xib */ = {
			isa = PBXGroup;
			children = (
				73192C8217E783B10080F339 /* TDCourseViewController.xib */,
				7372F16F180F7D0400BD2850 /* TDCourseViewController_iPad.xib */,
				73192C8517E783B10080F339 /* TDMenuViewController.xib */,
				7372F171180F7D1C00BD2850 /* TDMenuViewController_iPad.xib */,
				73192C8817E783B10080F339 /* TDSaveViewController.xib */,
				7372F173180F7D3400BD2850 /* TDSaveViewController_iPad.xib */,
				73192C8B17E783B10080F339 /* TDSectionViewController.xib */,
				7372F175180F7D5400BD2850 /* TDSectionViewController_iPad.xib */,
			);
			name = xib;
			sourceTree = "<group>";
		};
		73192C7F17E779160080F339 /* Randomizer */ = {
			isa = PBXGroup;
			children = (
				73192C7C17E779110080F339 /* RandomizerViewController.xib */,
				73192C7A17E779110080F339 /* RandomizerViewController.h */,
				73192C7B17E779110080F339 /* RandomizerViewController.m */,
			);
			name = Randomizer;
			sourceTree = "<group>";
		};
		73192C9917E7844F0080F339 /* About Us */ = {
			isa = PBXGroup;
			children = (
				73192C9617E7844C0080F339 /* AboutUsViewController.xib */,
				737119E21813C2E8004217BA /* AboutUsViewController_iPad.xib */,
				73192C9417E7844B0080F339 /* AboutUsViewController.h */,
				73192C9517E7844C0080F339 /* AboutUsViewController.m */,
			);
			name = "About Us";
			sourceTree = "<group>";
		};
		733077F917E62DBA00B76FA5 /* SVSegmentedControl */ = {
			isa = PBXGroup;
			children = (
				733077FA17E62DBA00B76FA5 /* SVSegmentedControl.h */,
				733077FB17E62DBA00B76FA5 /* SVSegmentedControl.m */,
				733077FC17E62DBA00B76FA5 /* SVSegmentedThumb.h */,
				733077FD17E62DBA00B76FA5 /* SVSegmentedThumb.m */,
			);
			path = SVSegmentedControl;
			sourceTree = "<group>";
		};
		735992A217E86ECF0051E3D2 /* Manage/Register My Kids */ = {
			isa = PBXGroup;
			children = (
				735992A317E86EF90051E3D2 /* xib */,
				7359929817E86EC10051E3D2 /* MRMKKidsViewController.h */,
				7359929917E86EC10051E3D2 /* MRMKKidsViewController.m */,
				7359929D17E86ECA0051E3D2 /* MRMKRegisterViewController.h */,
				7359929E17E86ECA0051E3D2 /* MRMKRegisterViewController.m */,
			);
			name = "Manage/Register My Kids";
			sourceTree = "<group>";
		};
		735992A317E86EF90051E3D2 /* xib */ = {
			isa = PBXGroup;
			children = (
				7359929A17E86EC10051E3D2 /* MRMKKidsViewController.xib */,
				7372F16B180F7C8600BD2850 /* MRMKKidsViewController_iPad.xib */,
				7359929F17E86ECA0051E3D2 /* MRMKRegisterViewController.xib */,
				7372F16D180F7C9700BD2850 /* MRMKRegisterViewController_iPad.xib */,
			);
			name = xib;
			sourceTree = "<group>";
		};
		7384853417F54CDC00529CE1 /* Custom UI */ = {
			isa = PBXGroup;
			children = (
				7384855317F54D1300529CE1 /* xib */,
				7384853517F54CDC00529CE1 /* MRMKChildCell.h */,
				7384853617F54CDC00529CE1 /* MRMKChildCell.m */,
				7384853817F54CDC00529CE1 /* PRLReviewerCell.h */,
				7384853917F54CDC00529CE1 /* PRLReviewerCell.m */,
				7384853B17F54CDC00529CE1 /* ReviewerCell.h */,
				7384853C17F54CDC00529CE1 /* ReviewerCell.m */,
				7384853E17F54CDC00529CE1 /* TDCheckboxCell.h */,
				7384853F17F54CDC00529CE1 /* TDCheckboxCell.m */,
				7384854117F54CDC00529CE1 /* TDCourseCell.h */,
				7384854217F54CDC00529CE1 /* TDCourseCell.m */,
				7384854417F54CDC00529CE1 /* TDSectionCell.h */,
				7384854517F54CDC00529CE1 /* TDSectionCell.m */,
			);
			path = "Custom UI";
			sourceTree = "<group>";
		};
		7384855317F54D1300529CE1 /* xib */ = {
			isa = PBXGroup;
			children = (
				7384853717F54CDC00529CE1 /* MRMKChildCell.xib */,
				7384853A17F54CDC00529CE1 /* PRLReviewerCell.xib */,
				7384853D17F54CDC00529CE1 /* ReviewerCell.xib */,
				7384854017F54CDC00529CE1 /* TDCheckboxCell.xib */,
				7384854317F54CDC00529CE1 /* TDCourseCell.xib */,
				7384854617F54CDC00529CE1 /* TDSectionCell.xib */,
			);
			name = xib;
			sourceTree = "<group>";
		};
		7384855417F54D8B00529CE1 /* Classes */ = {
			isa = PBXGroup;
			children = (
				7384855517F54D8B00529CE1 /* Assignees.h */,
				7384855617F54D8B00529CE1 /* Assignees.m */,
				7384855717F54D8B00529CE1 /* Challenge.h */,
				7384855817F54D8B00529CE1 /* Challenge.m */,
				7384855917F54D8B00529CE1 /* JakenpoyHTTPClient.h */,
				7384855A17F54D8B00529CE1 /* JakenpoyHTTPClient.m */,
				7384855B17F54D8B00529CE1 /* Reviewer.h */,
				7384855C17F54D8B00529CE1 /* Reviewer.m */,
				7384855D17F54D8B00529CE1 /* UserType.h */,
				7384855E17F54D8B00529CE1 /* UserType.m */,
				73A893A817F6107A00A9F4FD /* Student.h */,
				73A893A917F6107A00A9F4FD /* Student.m */,
				7374F94117FB02290017ECB0 /* School.h */,
				7374F94217FB02290017ECB0 /* School.m */,
			);
			path = Classes;
			sourceTree = "<group>";
		};
		7384856417F54E5700529CE1 /* Assets */ = {
			isa = PBXGroup;
			children = (
				732181F017FC89D9005442A8 /* new logo.png */,
				7384856517F54E5700529CE1 /* back.png */,
				7384856617F54E5700529CE1 /* back_arrow.png */,
				7384856717F54E5700529CE1 /* cb_glossy_off.png */,
				7384856817F54E5700529CE1 /* cb_glossy_on.png */,
				7384856917F54E5700529CE1 /* drop_down.png */,
				7384856A17F54E5700529CE1 /* jakenpoy_logo.png */,
				7384856B17F54E5700529CE1 /* jakenpoy_text.png */,
				7384856C17F54E5700529CE1 /* landing_logo.png */,
				7384856D17F54E5700529CE1 /* Menu Icons */,
				7384857717F54E5700529CE1 /* next.png */,
				7384857817F54E5700529CE1 /* selected.png */,
				7384857917F54E5700529CE1 /* star_blank.png */,
				7384857A17F54E5700529CE1 /* star_fill.png */,
				7384857B17F54E5700529CE1 /* star_half.png */,
				7384857C17F54E5700529CE1 /* unselected.png */,
			);
			path = Assets;
			sourceTree = "<group>";
		};
		7384856D17F54E5700529CE1 /* Menu Icons */ = {
			isa = PBXGroup;
			children = (
				7384856E17F54E5700529CE1 /* logout_icon.png */,
				7384856F17F54E5700529CE1 /* make_icon.png */,
				7384857017F54E5700529CE1 /* manage_icon.png */,
				7384857117F54E5700529CE1 /* my_icon.png */,
				7384857217F54E5700529CE1 /* pick_icon.png */,
				7384857317F54E5700529CE1 /* random_icon.png */,
				7384857417F54E5700529CE1 /* reviewers_icon.png */,
				7384857517F54E5700529CE1 /* teacher_icon.png */,
				7384857617F54E5700529CE1 /* tutorial_icon.png */,
			);
			path = "Menu Icons";
			sourceTree = "<group>";
		};
		73922A3B17E7A05C00401722 /* My Account */ = {
			isa = PBXGroup;
			children = (
				73922A3817E7A05A00401722 /* MyAccountViewController.xib */,
				7372F169180F7C4900BD2850 /* MyAccountViewController_iPad.xib */,
				73922A3617E7A05A00401722 /* MyAccountViewController.h */,
				73922A3717E7A05A00401722 /* MyAccountViewController.m */,
			);
			name = "My Account";
			sourceTree = "<group>";
		};
		739239F717E6C77600576D06 /* Make a Reviewer from Scratch */ = {
			isa = PBXGroup;
			children = (
				73B5E9D117E6E28200F53186 /* xib */,
				73A4AAF417E97BD200F52277 /* MRSFinishViewController.h */,
				73A4AAF517E97BD200F52277 /* MRSFinishViewController.m */,
				73A4AAF717E97BD200F52277 /* MRSQuestionViewController.h */,
				73A4AAF817E97BD200F52277 /* MRSQuestionViewController.m */,
			);
			name = "Make a Reviewer from Scratch";
			sourceTree = "<group>";
		};
		73A4AAD617E97B7600F52277 /* AFNetworking */ = {
			isa = PBXGroup;
			children = (
				73A4AAD717E97B7600F52277 /* AFHTTPClient.h */,
				73A4AAD817E97B7600F52277 /* AFHTTPClient.m */,
				73A4AAD917E97B7600F52277 /* AFHTTPRequestOperation.h */,
				73A4AADA17E97B7600F52277 /* AFHTTPRequestOperation.m */,
				73A4AADB17E97B7600F52277 /* AFImageRequestOperation.h */,
				73A4AADC17E97B7600F52277 /* AFImageRequestOperation.m */,
				73A4AADD17E97B7600F52277 /* AFJSONRequestOperation.h */,
				73A4AADE17E97B7600F52277 /* AFJSONRequestOperation.m */,
				73A4AADF17E97B7600F52277 /* AFNetworkActivityIndicatorManager.h */,
				73A4AAE017E97B7600F52277 /* AFNetworkActivityIndicatorManager.m */,
				73A4AAE117E97B7600F52277 /* AFNetworking.h */,
				73A4AAE217E97B7600F52277 /* AFPropertyListRequestOperation.h */,
				73A4AAE317E97B7600F52277 /* AFPropertyListRequestOperation.m */,
				73A4AAE417E97B7600F52277 /* AFURLConnectionOperation.h */,
				73A4AAE517E97B7600F52277 /* AFURLConnectionOperation.m */,
				73A4AAE617E97B7600F52277 /* AFXMLRequestOperation.h */,
				73A4AAE717E97B7600F52277 /* AFXMLRequestOperation.m */,
				73A4AAE817E97B7600F52277 /* UIImageView+AFNetworking.h */,
				73A4AAE917E97B7600F52277 /* UIImageView+AFNetworking.m */,
			);
			path = AFNetworking;
			sourceTree = "<group>";
		};
		73A4AAF317E97B7E00F52277 /* 3rd Party */ = {
			isa = PBXGroup;
			children = (
				733077F917E62DBA00B76FA5 /* SVSegmentedControl */,
				73A4AAD617E97B7600F52277 /* AFNetworking */,
			);
			name = "3rd Party";
			sourceTree = "<group>";
		};
		73B5E9D117E6E28200F53186 /* xib */ = {
			isa = PBXGroup;
			children = (
				73A4AAF617E97BD200F52277 /* MRSFinishViewController.xib */,
				73A4AAF917E97BD200F52277 /* MRSQuestionViewController.xib */,
			);
			name = xib;
			sourceTree = "<group>";
		};
		73EC799917B914BE00F2E12E = {
			isa = PBXGroup;
			children = (
				73EC79AB17B914BE00F2E12E /* Jackenpoy */,
				73EC79A417B914BE00F2E12E /* Frameworks */,
				73EC79A317B914BE00F2E12E /* Products */,
			);
			sourceTree = "<group>";
		};
		73EC79A317B914BE00F2E12E /* Products */ = {
			isa = PBXGroup;
			children = (
				73EC79A217B914BE00F2E12E /* Jakenpoy PTA.app */,
			);
			name = Products;
			sourceTree = "<group>";
		};
		73EC79A417B914BE00F2E12E /* Frameworks */ = {
			isa = PBXGroup;
			children = (
				73EC79A517B914BE00F2E12E /* UIKit.framework */,
				73EC79A717B914BE00F2E12E /* Foundation.framework */,
				73EC79A917B914BE00F2E12E /* CoreGraphics.framework */,
				73A4AB0017E985BD00F52277 /* MobileCoreServices.framework */,
				73A4AB0217E9863A00F52277 /* Security.framework */,
				73A4AAFE17E9843200F52277 /* SystemConfiguration.framework */,
			);
			name = Frameworks;
			sourceTree = "<group>";
		};
		73EC79AB17B914BE00F2E12E /* Jackenpoy */ = {
			isa = PBXGroup;
			children = (
				73A4AAF317E97B7E00F52277 /* 3rd Party */,
				4A2272FF17C1FA0F00019CAD /* delegate */,
				4A22730C17C2170400019CAD /* Model */,
				4A5C10A517C328AD00C89CA6 /* View */,
				73EC79AC17B914BE00F2E12E /* Supporting Files */,
			);
			path = Jackenpoy;
			sourceTree = "<group>";
		};
		73EC79AC17B914BE00F2E12E /* Supporting Files */ = {
			isa = PBXGroup;
			children = (
				73CE81381806B72F00FD2957 /* Settings.bundle */,
				7384856417F54E5700529CE1 /* Assets */,
				735428F017ECA584006CDF8F /* Default~iphone.png */,
				73EC79AD17B914BE00F2E12E /* Jakenpoy PTA-Info.plist */,
				73EC79AE17B914BE00F2E12E /* InfoPlist.strings */,
				73EC79B117B914BE00F2E12E /* main.m */,
				73EC79B317B914BE00F2E12E /* Jakenpoy PTA-Prefix.pch */,
				73EC79B717B914BE00F2E12E /* Default.png */,
				735428EE17ECA57D006CDF8F /* Default-568h@2x.png */,
			);
			name = "Supporting Files";
			sourceTree = "<group>";
		};
		73FD1EBA17DC3A2600A690D2 /* Pick a Reviewer from the Library */ = {
			isa = PBXGroup;
			children = (
				73FD1EC517DC3A6600A690D2 /* xib */,
				73B5E9D217E6E2C000F53186 /* PRLFinishViewController.h */,
				73B5E9D317E6E2C000F53186 /* PRLFinishViewController.m */,
				73B5E9D517E6E2C000F53186 /* PRLPickViewController.h */,
				73B5E9D617E6E2C000F53186 /* PRLPickViewController.m */,
				73B5E9D817E6E2C000F53186 /* PRLSearchViewController.h */,
				73B5E9D917E6E2C000F53186 /* PRLSearchViewController.m */,
			);
			name = "Pick a Reviewer from the Library";
			sourceTree = "<group>";
		};
		73FD1EC517DC3A6600A690D2 /* xib */ = {
			isa = PBXGroup;
			children = (
				73B5E9D417E6E2C000F53186 /* PRLFinishViewController.xib */,
				73FED441180EAA2000162BC7 /* PRLFinishViewController_iPad.xib */,
				73B5E9D717E6E2C000F53186 /* PRLPickViewController.xib */,
				73FED443180EBC6D00162BC7 /* PRLPickViewController_iPad.xib */,
				73B5E9DA17E6E2C000F53186 /* PRLSearchViewController.xib */,
				7372F167180F7C2000BD2850 /* PRLSearchViewController_iPad.xib */,
			);
			name = xib;
			sourceTree = "<group>";
		};
/* End PBXGroup section */

/* Begin PBXNativeTarget section */
		73EC79A117B914BE00F2E12E /* Jakenpoy PTA */ = {
			isa = PBXNativeTarget;
			buildConfigurationList = 73EC79C517B914BE00F2E12E /* Build configuration list for PBXNativeTarget "Jakenpoy PTA" */;
			buildPhases = (
				73EC799E17B914BE00F2E12E /* Sources */,
				73EC799F17B914BE00F2E12E /* Frameworks */,
				73EC79A017B914BE00F2E12E /* Resources */,
			);
			buildRules = (
			);
			dependencies = (
			);
			name = "Jakenpoy PTA";
			productName = Jackenpoy;
			productReference = 73EC79A217B914BE00F2E12E /* Jakenpoy PTA.app */;
			productType = "com.apple.product-type.application";
		};
/* End PBXNativeTarget section */

/* Begin PBXProject section */
		73EC799A17B914BE00F2E12E /* Project object */ = {
			isa = PBXProject;
			attributes = {
				LastUpgradeCheck = 0460;
				ORGANIZATIONNAME = "Garri Adrian Nablo";
				TargetAttributes = {
					73EC79A117B914BE00F2E12E = {
						DevelopmentTeam = UK7Q5V5E4G;
					};
				};
			};
			buildConfigurationList = 73EC799D17B914BE00F2E12E /* Build configuration list for PBXProject "Jakenpoy PTA" */;
			compatibilityVersion = "Xcode 3.2";
			developmentRegion = English;
			hasScannedForEncodings = 0;
			knownRegions = (
				en,
			);
			mainGroup = 73EC799917B914BE00F2E12E;
			productRefGroup = 73EC79A317B914BE00F2E12E /* Products */;
			projectDirPath = "";
			projectRoot = "";
			targets = (
				73EC79A117B914BE00F2E12E /* Jakenpoy PTA */,
			);
		};
/* End PBXProject section */

/* Begin PBXResourcesBuildPhase section */
		73EC79A017B914BE00F2E12E /* Resources */ = {
			isa = PBXResourcesBuildPhase;
			buildActionMask = 2147483647;
			files = (
				7384858417F54E5700529CE1 /* landing_logo.png in Resources */,
				73EC79B017B914BE00F2E12E /* InfoPlist.strings in Resources */,
				73EC79B817B914BE00F2E12E /* Default.png in Resources */,
				7384858A17F54E5700529CE1 /* random_icon.png in Resources */,
				7384858817F54E5700529CE1 /* my_icon.png in Resources */,
				7384857F17F54E5700529CE1 /* cb_glossy_off.png in Resources */,
				4A22730617C1FF1E00019CAD /* MyReviewersViewController.xib in Resources */,
				7384858917F54E5700529CE1 /* pick_icon.png in Resources */,
				7384857E17F54E5700529CE1 /* back_arrow.png in Resources */,
				7384854C17F54CDC00529CE1 /* ReviewerCell.xib in Resources */,
				73FED444180EBC6D00162BC7 /* PRLPickViewController_iPad.xib in Resources */,
				73D3F88517E4ADCE00149106 /* HPFinishViewController.xib in Resources */,
				73D3F88717E4ADCE00149106 /* HPLoginViewController.xib in Resources */,
				7384858B17F54E5700529CE1 /* reviewers_icon.png in Resources */,
				73D3F88917E4ADCE00149106 /* HPRegisterViewController.xib in Resources */,
				7372F16A180F7C4900BD2850 /* MyAccountViewController_iPad.xib in Resources */,
				7372F16E180F7C9700BD2850 /* MRMKRegisterViewController_iPad.xib in Resources */,
				7384855217F54CDC00529CE1 /* TDSectionCell.xib in Resources */,
				735428EF17ECA57D006CDF8F /* Default-568h@2x.png in Resources */,
				73B5E9DC17E6E2C000F53186 /* PRLFinishViewController.xib in Resources */,
				7372F172180F7D1C00BD2850 /* TDMenuViewController_iPad.xib in Resources */,
				7384858517F54E5700529CE1 /* logout_icon.png in Resources */,
				73B5E9DE17E6E2C000F53186 /* PRLPickViewController.xib in Resources */,
				7384858617F54E5700529CE1 /* make_icon.png in Resources */,
				73B5E9E017E6E2C000F53186 /* PRLSearchViewController.xib in Resources */,
				73816349180C192800B32A35 /* HPFinishViewController_iPad.xib in Resources */,
				73192C7E17E779110080F339 /* RandomizerViewController.xib in Resources */,
				7381634B180C196500B32A35 /* HPLoginViewController_iPad.xib in Resources */,
				73192C8D17E783B10080F339 /* TDCourseViewController.xib in Resources */,
				7384858F17F54E5700529CE1 /* selected.png in Resources */,
				73FED442180EAA2000162BC7 /* PRLFinishViewController_iPad.xib in Resources */,
				7384859317F54E5700529CE1 /* unselected.png in Resources */,
				7372F176180F7D5400BD2850 /* TDSectionViewController_iPad.xib in Resources */,
				7384858C17F54E5700529CE1 /* teacher_icon.png in Resources */,
				7384859017F54E5700529CE1 /* star_blank.png in Resources */,
				73192C8F17E783B10080F339 /* TDMenuViewController.xib in Resources */,
				73192C9117E783B10080F339 /* TDSaveViewController.xib in Resources */,
				73192C9317E783B10080F339 /* TDSectionViewController.xib in Resources */,
				737119E31813C2E8004217BA /* AboutUsViewController_iPad.xib in Resources */,
				732181F117FC89D9005442A8 /* new logo.png in Resources */,
				7384859117F54E5700529CE1 /* star_fill.png in Resources */,
				7384858117F54E5700529CE1 /* drop_down.png in Resources */,
				73192C9817E7844C0080F339 /* AboutUsViewController.xib in Resources */,
				7372F174180F7D3400BD2850 /* TDSaveViewController_iPad.xib in Resources */,
				7384858D17F54E5700529CE1 /* tutorial_icon.png in Resources */,
				7384858217F54E5700529CE1 /* jakenpoy_logo.png in Resources */,
				73922A3A17E7A05A00401722 /* MyAccountViewController.xib in Resources */,
				7384854817F54CDC00529CE1 /* MRMKChildCell.xib in Resources */,
				7384858317F54E5700529CE1 /* jakenpoy_text.png in Resources */,
				73A5057C180D9684006792CA /* MyReviewersViewController_iPad.xib in Resources */,
				7384858017F54E5700529CE1 /* cb_glossy_on.png in Resources */,
				7372F16C180F7C8600BD2850 /* MRMKKidsViewController_iPad.xib in Resources */,
				7359929C17E86EC10051E3D2 /* MRMKKidsViewController.xib in Resources */,
				735992A117E86ECA0051E3D2 /* MRMKRegisterViewController.xib in Resources */,
				7384854E17F54CDC00529CE1 /* TDCheckboxCell.xib in Resources */,
				7384855017F54CDC00529CE1 /* TDCourseCell.xib in Resources */,
				7384858E17F54E5700529CE1 /* next.png in Resources */,
				7372F170180F7D0400BD2850 /* TDCourseViewController_iPad.xib in Resources */,
				7384859217F54E5700529CE1 /* star_half.png in Resources */,
				735428F117ECA584006CDF8F /* Default~iphone.png in Resources */,
				7381634D180C197300B32A35 /* HPRegisterViewController_iPad.xib in Resources */,
				7384858717F54E5700529CE1 /* manage_icon.png in Resources */,
				7384857D17F54E5700529CE1 /* back.png in Resources */,
				7384854A17F54CDC00529CE1 /* PRLReviewerCell.xib in Resources */,
				73A4AAFB17E97BD200F52277 /* MRSFinishViewController.xib in Resources */,
				73CE81391806B72F00FD2957 /* Settings.bundle in Resources */,
				7372F168180F7C2000BD2850 /* PRLSearchViewController_iPad.xib in Resources */,
				73A4AAFD17E97BD200F52277 /* MRSQuestionViewController.xib in Resources */,
			);
			runOnlyForDeploymentPostprocessing = 0;
		};
/* End PBXResourcesBuildPhase section */

/* Begin PBXSourcesBuildPhase section */
		73EC799E17B914BE00F2E12E /* Sources */ = {
			isa = PBXSourcesBuildPhase;
			buildActionMask = 2147483647;
			files = (
				73EC79B217B914BE00F2E12E /* main.m in Sources */,
				7384856017F54D8B00529CE1 /* Challenge.m in Sources */,
				7384856117F54D8B00529CE1 /* JakenpoyHTTPClient.m in Sources */,
				73EC79B617B914BE00F2E12E /* AppDelegate.m in Sources */,
				4A22730517C1FF1E00019CAD /* MyReviewersViewController.m in Sources */,
				73D3F88417E4ADCE00149106 /* HPFinishViewController.m in Sources */,
				73D3F88617E4ADCE00149106 /* HPLoginViewController.m in Sources */,
				73D3F88817E4ADCE00149106 /* HPRegisterViewController.m in Sources */,
				733077FE17E62DBA00B76FA5 /* SVSegmentedControl.m in Sources */,
				733077FF17E62DBA00B76FA5 /* SVSegmentedThumb.m in Sources */,
				73A893AA17F6107A00A9F4FD /* Student.m in Sources */,
				73B5E9DB17E6E2C000F53186 /* PRLFinishViewController.m in Sources */,
				7384854F17F54CDC00529CE1 /* TDCourseCell.m in Sources */,
				73B5E9DD17E6E2C000F53186 /* PRLPickViewController.m in Sources */,
				7384856217F54D8B00529CE1 /* Reviewer.m in Sources */,
				73B5E9DF17E6E2C000F53186 /* PRLSearchViewController.m in Sources */,
				73192C7D17E779110080F339 /* RandomizerViewController.m in Sources */,
				73192C8C17E783B10080F339 /* TDCourseViewController.m in Sources */,
				73192C8E17E783B10080F339 /* TDMenuViewController.m in Sources */,
				73192C9017E783B10080F339 /* TDSaveViewController.m in Sources */,
				73192C9217E783B10080F339 /* TDSectionViewController.m in Sources */,
				73192C9717E7844C0080F339 /* AboutUsViewController.m in Sources */,
				7384854717F54CDC00529CE1 /* MRMKChildCell.m in Sources */,
				73922A3917E7A05A00401722 /* MyAccountViewController.m in Sources */,
				7359929B17E86EC10051E3D2 /* MRMKKidsViewController.m in Sources */,
				7374F94317FB02290017ECB0 /* School.m in Sources */,
				735992A017E86ECA0051E3D2 /* MRMKRegisterViewController.m in Sources */,
				73A4AAEA17E97B7600F52277 /* AFHTTPClient.m in Sources */,
				73A4AAEB17E97B7600F52277 /* AFHTTPRequestOperation.m in Sources */,
				73A4AAEC17E97B7600F52277 /* AFImageRequestOperation.m in Sources */,
				7384854B17F54CDC00529CE1 /* ReviewerCell.m in Sources */,
				7384855F17F54D8B00529CE1 /* Assignees.m in Sources */,
				7384856317F54D8B00529CE1 /* UserType.m in Sources */,
				73A4AAED17E97B7600F52277 /* AFJSONRequestOperation.m in Sources */,
				7384854917F54CDC00529CE1 /* PRLReviewerCell.m in Sources */,
				73A4AAEE17E97B7600F52277 /* AFNetworkActivityIndicatorManager.m in Sources */,
				73A4AAEF17E97B7600F52277 /* AFPropertyListRequestOperation.m in Sources */,
				73A4AAF017E97B7600F52277 /* AFURLConnectionOperation.m in Sources */,
				7384855117F54CDC00529CE1 /* TDSectionCell.m in Sources */,
				73A4AAF117E97B7600F52277 /* AFXMLRequestOperation.m in Sources */,
				73A4AAF217E97B7600F52277 /* UIImageView+AFNetworking.m in Sources */,
				7384854D17F54CDC00529CE1 /* TDCheckboxCell.m in Sources */,
				73A4AAFA17E97BD200F52277 /* MRSFinishViewController.m in Sources */,
				73A4AAFC17E97BD200F52277 /* MRSQuestionViewController.m in Sources */,
			);
			runOnlyForDeploymentPostprocessing = 0;
		};
/* End PBXSourcesBuildPhase section */

/* Begin PBXVariantGroup section */
		73EC79AE17B914BE00F2E12E /* InfoPlist.strings */ = {
			isa = PBXVariantGroup;
			children = (
				73EC79AF17B914BE00F2E12E /* en */,
			);
			name = InfoPlist.strings;
			sourceTree = "<group>";
		};
/* End PBXVariantGroup section */

/* Begin XCBuildConfiguration section */
		73EC79C317B914BE00F2E12E /* Debug */ = {
			isa = XCBuildConfiguration;
			buildSettings = {
				ALWAYS_SEARCH_USER_PATHS = NO;
				CLANG_CXX_LANGUAGE_STANDARD = "gnu++0x";
				CLANG_CXX_LIBRARY = "libc++";
				CLANG_ENABLE_OBJC_ARC = YES;
				CLANG_WARN_CONSTANT_CONVERSION = YES;
				CLANG_WARN_EMPTY_BODY = YES;
				CLANG_WARN_ENUM_CONVERSION = YES;
				CLANG_WARN_INT_CONVERSION = YES;
				CLANG_WARN__DUPLICATE_METHOD_MATCH = YES;
				"CODE_SIGN_IDENTITY[sdk=iphoneos*]" = "iPhone Developer";
				COPY_PHASE_STRIP = NO;
				GCC_C_LANGUAGE_STANDARD = gnu99;
				GCC_DYNAMIC_NO_PIC = NO;
				GCC_OPTIMIZATION_LEVEL = 0;
				GCC_PREPROCESSOR_DEFINITIONS = (
					"DEBUG=1",
					"$(inherited)",
				);
				GCC_SYMBOLS_PRIVATE_EXTERN = NO;
				GCC_WARN_ABOUT_RETURN_TYPE = YES;
				GCC_WARN_UNINITIALIZED_AUTOS = YES;
				GCC_WARN_UNUSED_VARIABLE = YES;
				IPHONEOS_DEPLOYMENT_TARGET = 6.1;
				ONLY_ACTIVE_ARCH = YES;
				SDKROOT = iphoneos;
			};
			name = Debug;
		};
		73EC79C417B914BE00F2E12E /* Release */ = {
			isa = XCBuildConfiguration;
			buildSettings = {
				ALWAYS_SEARCH_USER_PATHS = NO;
				CLANG_CXX_LANGUAGE_STANDARD = "gnu++0x";
				CLANG_CXX_LIBRARY = "libc++";
				CLANG_ENABLE_OBJC_ARC = YES;
				CLANG_WARN_CONSTANT_CONVERSION = YES;
				CLANG_WARN_EMPTY_BODY = YES;
				CLANG_WARN_ENUM_CONVERSION = YES;
				CLANG_WARN_INT_CONVERSION = YES;
				CLANG_WARN__DUPLICATE_METHOD_MATCH = YES;
				"CODE_SIGN_IDENTITY[sdk=iphoneos*]" = "iPhone Developer";
				COPY_PHASE_STRIP = YES;
				GCC_C_LANGUAGE_STANDARD = gnu99;
				GCC_WARN_ABOUT_RETURN_TYPE = YES;
				GCC_WARN_UNINITIALIZED_AUTOS = YES;
				GCC_WARN_UNUSED_VARIABLE = YES;
				IPHONEOS_DEPLOYMENT_TARGET = 6.1;
				OTHER_CFLAGS = "-DNS_BLOCK_ASSERTIONS=1";
				SDKROOT = iphoneos;
				VALIDATE_PRODUCT = YES;
			};
			name = Release;
		};
		73EC79C617B914BE00F2E12E /* Debug */ = {
			isa = XCBuildConfiguration;
			buildSettings = {
				CODE_SIGN_IDENTITY = "iPhone Distribution: Jakenpoy Corporation (UK7Q5V5E4G)";
				GCC_PRECOMPILE_PREFIX_HEADER = YES;
				GCC_PREFIX_HEADER = "Jackenpoy/Jakenpoy PTA-Prefix.pch";
				INFOPLIST_FILE = "Jackenpoy/Jakenpoy PTA-Info.plist";
				IPHONEOS_DEPLOYMENT_TARGET = 6.0;
				PRODUCT_NAME = "Jakenpoy PTA";
				PROVISIONING_PROFILE = "";
				TARGETED_DEVICE_FAMILY = "1,2";
				WRAPPER_EXTENSION = app;
			};
			name = Debug;
		};
		73EC79C717B914BE00F2E12E /* Release */ = {
			isa = XCBuildConfiguration;
			buildSettings = {
				CODE_SIGN_IDENTITY = "iPhone Distribution: Jakenpoy Corporation (UK7Q5V5E4G)";
				GCC_PRECOMPILE_PREFIX_HEADER = YES;
				GCC_PREFIX_HEADER = "Jackenpoy/Jakenpoy PTA-Prefix.pch";
				INFOPLIST_FILE = "Jackenpoy/Jakenpoy PTA-Info.plist";
				IPHONEOS_DEPLOYMENT_TARGET = 6.0;
				PRODUCT_NAME = "Jakenpoy PTA";
				PROVISIONING_PROFILE = "";
				TARGETED_DEVICE_FAMILY = "1,2";
				WRAPPER_EXTENSION = app;
			};
			name = Release;
		};
/* End XCBuildConfiguration section */

/* Begin XCConfigurationList section */
		73EC799D17B914BE00F2E12E /* Build configuration list for PBXProject "Jakenpoy PTA" */ = {
			isa = XCConfigurationList;
			buildConfigurations = (
				73EC79C317B914BE00F2E12E /* Debug */,
				73EC79C417B914BE00F2E12E /* Release */,
			);
			defaultConfigurationIsVisible = 0;
			defaultConfigurationName = Release;
		};
		73EC79C517B914BE00F2E12E /* Build configuration list for PBXNativeTarget "Jakenpoy PTA" */ = {
			isa = XCConfigurationList;
			buildConfigurations = (
				73EC79C617B914BE00F2E12E /* Debug */,
				73EC79C717B914BE00F2E12E /* Release */,
			);
			defaultConfigurationIsVisible = 0;
			defaultConfigurationName = Release;
		};
/* End XCConfigurationList section */
	};
	rootObject = 73EC799A17B914BE00F2E12E /* Project object */;
}
